// !$*UTF8*$!
{
	archiveVersion = 1;
	classes = {
	};
	objectVersion = 56;
	objects = {

/* Begin PBXBuildFile section */
		AB07781E2CE7307E00E4F226 /* EnterAuthCodeStore.swift in Sources */ = {isa = PBXBuildFile; fileRef = AB07781D2CE7307E00E4F226 /* EnterAuthCodeStore.swift */; };
		AB0778202CE730AA00E4F226 /* EnterAuthCodeView.swift in Sources */ = {isa = PBXBuildFile; fileRef = AB07781F2CE730AA00E4F226 /* EnterAuthCodeView.swift */; };
		AB094DE12CC6257A0091E9FB /* SliderView.swift in Sources */ = {isa = PBXBuildFile; fileRef = AB094DE02CC6257A0091E9FB /* SliderView.swift */; };
		AB094DE32CC6266C0091E9FB /* SliderStore.swift in Sources */ = {isa = PBXBuildFile; fileRef = AB094DE22CC6266C0091E9FB /* SliderStore.swift */; };
		AB094DE82CC76EBE0091E9FB /* Color+Extension.swift in Sources */ = {isa = PBXBuildFile; fileRef = AB094DE72CC76EBE0091E9FB /* Color+Extension.swift */; };
		AB26A8212CB2D3D4007D432E /* TermType.swift in Sources */ = {isa = PBXBuildFile; fileRef = AB26A8202CB2D3D4007D432E /* TermType.swift */; };
		AB26A8232CB2DE59007D432E /* InputIdView.swift in Sources */ = {isa = PBXBuildFile; fileRef = AB26A8222CB2DE59007D432E /* InputIdView.swift */; };
		AB26A8252CB2DF26007D432E /* InputIdStore.swift in Sources */ = {isa = PBXBuildFile; fileRef = AB26A8242CB2DF26007D432E /* InputIdStore.swift */; };
		AB26A8272CB2ED90007D432E /* ProfileInfoView.swift in Sources */ = {isa = PBXBuildFile; fileRef = AB26A8262CB2ED90007D432E /* ProfileInfoView.swift */; };
		AB26A8292CB2ED99007D432E /* ProfileInfoStore.swift in Sources */ = {isa = PBXBuildFile; fileRef = AB26A8282CB2ED99007D432E /* ProfileInfoStore.swift */; };
		AB468D0B2CA8820A00C1E430 /* SettingView.swift in Sources */ = {isa = PBXBuildFile; fileRef = AB468D0A2CA8820A00C1E430 /* SettingView.swift */; };
		AB468D0D2CA8821600C1E430 /* SettingStore.swift in Sources */ = {isa = PBXBuildFile; fileRef = AB468D0C2CA8821600C1E430 /* SettingStore.swift */; };
		AB468D132CA93F7D00C1E430 /* SideMenuType.swift in Sources */ = {isa = PBXBuildFile; fileRef = AB468D122CA93F7D00C1E430 /* SideMenuType.swift */; };
		AB468D162CA9401600C1E430 /* TownPeepsStore.swift in Sources */ = {isa = PBXBuildFile; fileRef = AB468D152CA9401600C1E430 /* TownPeepsStore.swift */; };
		AB468D182CA9403700C1E430 /* TownPeepsView.swift in Sources */ = {isa = PBXBuildFile; fileRef = AB468D172CA9403700C1E430 /* TownPeepsView.swift */; };
		AB468D1B2CA941F600C1E430 /* NotificationStore.swift in Sources */ = {isa = PBXBuildFile; fileRef = AB468D1A2CA941F600C1E430 /* NotificationStore.swift */; };
		AB468D1D2CA9420800C1E430 /* NotificationView.swift in Sources */ = {isa = PBXBuildFile; fileRef = AB468D1C2CA9420800C1E430 /* NotificationView.swift */; };
		AB468D202CA9428700C1E430 /* AnnounceStore.swift in Sources */ = {isa = PBXBuildFile; fileRef = AB468D1F2CA9428700C1E430 /* AnnounceStore.swift */; };
		AB468D222CA9429600C1E430 /* AnnounceView.swift in Sources */ = {isa = PBXBuildFile; fileRef = AB468D212CA9429600C1E430 /* AnnounceView.swift */; };
		AB468D252CA943CA00C1E430 /* CameraStore.swift in Sources */ = {isa = PBXBuildFile; fileRef = AB468D242CA943CA00C1E430 /* CameraStore.swift */; };
		AB468D272CA943E500C1E430 /* CameraView.swift in Sources */ = {isa = PBXBuildFile; fileRef = AB468D262CA943E500C1E430 /* CameraView.swift */; };
		AB468D2B2CA94A2E00C1E430 /* ProfileModifyStore.swift in Sources */ = {isa = PBXBuildFile; fileRef = AB468D2A2CA94A2D00C1E430 /* ProfileModifyStore.swift */; };
		AB468D2D2CA94A5400C1E430 /* ProfileModifyView.swift in Sources */ = {isa = PBXBuildFile; fileRef = AB468D2C2CA94A5400C1E430 /* ProfileModifyView.swift */; };
		AB468D312CA954C700C1E430 /* GenderType.swift in Sources */ = {isa = PBXBuildFile; fileRef = AB468D302CA954C700C1E430 /* GenderType.swift */; };
		AB468D362CA9574700C1E430 /* NicknameModifyView.swift in Sources */ = {isa = PBXBuildFile; fileRef = AB468D352CA9574700C1E430 /* NicknameModifyView.swift */; };
		AB469C712C9FED6C00DC7B8A /* SideMenuView.swift in Sources */ = {isa = PBXBuildFile; fileRef = AB469C702C9FED6C00DC7B8A /* SideMenuView.swift */; };
		AB469C732C9FF7F000DC7B8A /* SideMenuStore.swift in Sources */ = {isa = PBXBuildFile; fileRef = AB469C722C9FF7F000DC7B8A /* SideMenuStore.swift */; };
		AB5159762CA97A320043AA0A /* MainGrayButtonStyle.swift in Sources */ = {isa = PBXBuildFile; fileRef = AB5159752CA97A320043AA0A /* MainGrayButtonStyle.swift */; };
		AB51597F2CAAFA670043AA0A /* LoginView.swift in Sources */ = {isa = PBXBuildFile; fileRef = AB51597E2CAAFA670043AA0A /* LoginView.swift */; };
		AB5159812CAAFA730043AA0A /* LoginStore.swift in Sources */ = {isa = PBXBuildFile; fileRef = AB5159802CAAFA730043AA0A /* LoginStore.swift */; };
		AB5159832CAAFCA40043AA0A /* LoginType.swift in Sources */ = {isa = PBXBuildFile; fileRef = AB5159822CAAFCA40043AA0A /* LoginType.swift */; };
		AB53DE512CA00FDC00D8DC1F /* Constant.swift in Sources */ = {isa = PBXBuildFile; fileRef = AB53DE502CA00FDC00D8DC1F /* Constant.swift */; };
		AB53DE532CA0123D00D8DC1F /* PeepModalStore.swift in Sources */ = {isa = PBXBuildFile; fileRef = AB53DE522CA0123D00D8DC1F /* PeepModalStore.swift */; };
		AB53DE552CA0289A00D8DC1F /* Chat.swift in Sources */ = {isa = PBXBuildFile; fileRef = AB53DE542CA0289A00D8DC1F /* Chat.swift */; };
		AB53DE582CA02BD600D8DC1F /* ChatBubbleView.swift in Sources */ = {isa = PBXBuildFile; fileRef = AB53DE572CA02BD600D8DC1F /* ChatBubbleView.swift */; };
		AB53DE5A2CA02D1F00D8DC1F /* ChatType.swift in Sources */ = {isa = PBXBuildFile; fileRef = AB53DE592CA02D1F00D8DC1F /* ChatType.swift */; };
		AB6B52582CD3478A00BDC985 /* CheckEnterFieldStore.swift in Sources */ = {isa = PBXBuildFile; fileRef = AB6B52572CD3478A00BDC985 /* CheckEnterFieldStore.swift */; };
		AB6B525B2CD7D9D200BDC985 /* LaunchScreen.swift in Sources */ = {isa = PBXBuildFile; fileRef = AB6B525A2CD7D9D200BDC985 /* LaunchScreen.swift */; };
		AB71E1C82CBC065600D2D3D9 /* EditView.swift in Sources */ = {isa = PBXBuildFile; fileRef = AB71E1C72CBC065600D2D3D9 /* EditView.swift */; };
		AB71E1CA2CBC065E00D2D3D9 /* EditStore.swift in Sources */ = {isa = PBXBuildFile; fileRef = AB71E1C92CBC065E00D2D3D9 /* EditStore.swift */; };
		AB71E1CD2CBC06D000D2D3D9 /* WriteView.swift in Sources */ = {isa = PBXBuildFile; fileRef = AB71E1CC2CBC06D000D2D3D9 /* WriteView.swift */; };
		AB71E1CF2CBC06D800D2D3D9 /* WriteStore.swift in Sources */ = {isa = PBXBuildFile; fileRef = AB71E1CE2CBC06D800D2D3D9 /* WriteStore.swift */; };
		AB71E1D22CBC245C00D2D3D9 /* StickerModalStore.swift in Sources */ = {isa = PBXBuildFile; fileRef = AB71E1D12CBC245C00D2D3D9 /* StickerModalStore.swift */; };
		AB71E1D42CBC254600D2D3D9 /* StickerModalView.swift in Sources */ = {isa = PBXBuildFile; fileRef = AB71E1D32CBC254600D2D3D9 /* StickerModalView.swift */; };
		AB71E1D62CBE3AD000D2D3D9 /* DraggableSticker.swift in Sources */ = {isa = PBXBuildFile; fileRef = AB71E1D52CBE3AD000D2D3D9 /* DraggableSticker.swift */; };
		AB71E1D82CBE3F3B00D2D3D9 /* StickerItem.swift in Sources */ = {isa = PBXBuildFile; fileRef = AB71E1D72CBE3F3B00D2D3D9 /* StickerItem.swift */; };
		AB8A25862CD7EC1A0007A7A8 /* String+Extension.swift in Sources */ = {isa = PBXBuildFile; fileRef = AB8A25852CD7EC1A0007A7A8 /* String+Extension.swift */; };
		ABA9A2E22CCE932900AA605B /* Adjusted.swift in Sources */ = {isa = PBXBuildFile; fileRef = ABA9A2E12CCE932900AA605B /* Adjusted.swift */; };
		ABADBBEA2CEC8205005A9639 /* AnnounceModalView.swift in Sources */ = {isa = PBXBuildFile; fileRef = ABADBBE92CEC8205005A9639 /* AnnounceModalView.swift */; };
		ABB444962CA8451900C1EE67 /* RootView.swift in Sources */ = {isa = PBXBuildFile; fileRef = ABB444952CA8451900C1EE67 /* RootView.swift */; };
		ABB444992CA8452900C1EE67 /* RootStore.swift in Sources */ = {isa = PBXBuildFile; fileRef = ABB444982CA8452900C1EE67 /* RootStore.swift */; };
		ABB9218F2CEC661D00AD0C81 /* Announce.swift in Sources */ = {isa = PBXBuildFile; fileRef = ABB9218E2CEC661D00AD0C81 /* Announce.swift */; };
		ABB96D232CD25188003C6742 /* NavigationBar.swift in Sources */ = {isa = PBXBuildFile; fileRef = ABB96D222CD25188003C6742 /* NavigationBar.swift */; };
		ABB96D252CD344D2003C6742 /* CheckEnterField.swift in Sources */ = {isa = PBXBuildFile; fileRef = ABB96D242CD344D2003C6742 /* CheckEnterField.swift */; };
		ABC171EF2CAB193F00370901 /* TermView.swift in Sources */ = {isa = PBXBuildFile; fileRef = ABC171EE2CAB193F00370901 /* TermView.swift */; };
		ABC171F12CAB198100370901 /* NicknameView.swift in Sources */ = {isa = PBXBuildFile; fileRef = ABC171F02CAB198100370901 /* NicknameView.swift */; };
		ABC171F32CAB198C00370901 /* AuthenticationView.swift in Sources */ = {isa = PBXBuildFile; fileRef = ABC171F22CAB198C00370901 /* AuthenticationView.swift */; };
		ABC171F52CAB199300370901 /* WelcomeView.swift in Sources */ = {isa = PBXBuildFile; fileRef = ABC171F42CAB199300370901 /* WelcomeView.swift */; };
		ABC171F82CAB19E200370901 /* TermStore.swift in Sources */ = {isa = PBXBuildFile; fileRef = ABC171F72CAB19E200370901 /* TermStore.swift */; };
		ABC171FA2CAB19FA00370901 /* NicknameStore.swift in Sources */ = {isa = PBXBuildFile; fileRef = ABC171F92CAB19FA00370901 /* NicknameStore.swift */; };
		ABC171FC2CAB1A0800370901 /* AuthenticationStore.swift in Sources */ = {isa = PBXBuildFile; fileRef = ABC171FB2CAB1A0800370901 /* AuthenticationStore.swift */; };
		ABC171FE2CAB1A2500370901 /* WelcomeStore.swift in Sources */ = {isa = PBXBuildFile; fileRef = ABC171FD2CAB1A2500370901 /* WelcomeStore.swift */; };
		ABC305CA2C932341003B00FE /* PeepItApp.swift in Sources */ = {isa = PBXBuildFile; fileRef = ABC305C92C932341003B00FE /* PeepItApp.swift */; };
		ABC305CC2C932341003B00FE /* HomeView.swift in Sources */ = {isa = PBXBuildFile; fileRef = ABC305CB2C932341003B00FE /* HomeView.swift */; };
		ABC305CE2C932342003B00FE /* Assets.xcassets in Resources */ = {isa = PBXBuildFile; fileRef = ABC305CD2C932342003B00FE /* Assets.xcassets */; };
		ABC305D12C932342003B00FE /* Preview Assets.xcassets in Resources */ = {isa = PBXBuildFile; fileRef = ABC305D02C932342003B00FE /* Preview Assets.xcassets */; };
		ABC305DD2C9328B1003B00FE /* ComposableArchitecture in Frameworks */ = {isa = PBXBuildFile; productRef = ABC305DC2C9328B1003B00FE /* ComposableArchitecture */; };
		ABC305DF2C93345D003B00FE /* HomeStore.swift in Sources */ = {isa = PBXBuildFile; fileRef = ABC305DE2C93345D003B00FE /* HomeStore.swift */; };
		ABC305E42C933A63003B00FE /* PeepPreviewModalView.swift in Sources */ = {isa = PBXBuildFile; fileRef = ABC305E32C933A63003B00FE /* PeepPreviewModalView.swift */; };
		ABC305E92C933F08003B00FE /* ClearBackgroundViewModifier.swift in Sources */ = {isa = PBXBuildFile; fileRef = ABC305E82C933F08003B00FE /* ClearBackgroundViewModifier.swift */; };
		ABC305F12C95A4D1003B00FE /* PeepPreview.swift in Sources */ = {isa = PBXBuildFile; fileRef = ABC305F02C95A4D1003B00FE /* PeepPreview.swift */; };
		ABC305F32C95A567003B00FE /* UserProfile.swift in Sources */ = {isa = PBXBuildFile; fileRef = ABC305F22C95A567003B00FE /* UserProfile.swift */; };
		ABC701322CE6E069004DCFF1 /* MainLimeButtonStyle.swift in Sources */ = {isa = PBXBuildFile; fileRef = ABC701312CE6E069004DCFF1 /* MainLimeButtonStyle.swift */; };
		ABCC50E12CEF8F23004AD297 /* BackButton.swift in Sources */ = {isa = PBXBuildFile; fileRef = ABCC50E02CEF8F23004AD297 /* BackButton.swift */; };
		ABD3CAA32CA08D4C00438747 /* MyProfileView.swift in Sources */ = {isa = PBXBuildFile; fileRef = ABD3CAA22CA08D4C00438747 /* MyProfileView.swift */; };
		ABD3CAA52CA08D6C00438747 /* MyProfileStore.swift in Sources */ = {isa = PBXBuildFile; fileRef = ABD3CAA42CA08D6C00438747 /* MyProfileStore.swift */; };
		ABD3CAA72CA098EE00438747 /* MyActivityPeep.swift in Sources */ = {isa = PBXBuildFile; fileRef = ABD3CAA62CA098EE00438747 /* MyActivityPeep.swift */; };
		ABD3CAAA2CA1AC8400438747 /* ReactedPeepCell.swift in Sources */ = {isa = PBXBuildFile; fileRef = ABD3CAA92CA1AC8400438747 /* ReactedPeepCell.swift */; };
		ABD3CAAC2CA1B1D000438747 /* CommentedPeepCell.swift in Sources */ = {isa = PBXBuildFile; fileRef = ABD3CAAB2CA1B1D000438747 /* CommentedPeepCell.swift */; };
		ABD3CAAE2CA1B32D00438747 /* MyProfileTabType.swift in Sources */ = {isa = PBXBuildFile; fileRef = ABD3CAAD2CA1B32D00438747 /* MyProfileTabType.swift */; };
		ABD3CAB02CA1B52000438747 /* Peep.swift in Sources */ = {isa = PBXBuildFile; fileRef = ABD3CAAF2CA1B52000438747 /* Peep.swift */; };
		ABD3CAB42CA1BE0100438747 /* UserProfileView.swift in Sources */ = {isa = PBXBuildFile; fileRef = ABD3CAB32CA1BE0100438747 /* UserProfileView.swift */; };
		ABD3CAB72CA1BF2F00438747 /* OtherProfileView.swift in Sources */ = {isa = PBXBuildFile; fileRef = ABD3CAB62CA1BF2F00438747 /* OtherProfileView.swift */; };
		ABD3CAB92CA1BF3900438747 /* OtherProfileStore.swift in Sources */ = {isa = PBXBuildFile; fileRef = ABD3CAB82CA1BF3900438747 /* OtherProfileStore.swift */; };
		ABD631C12C9757AC00AFF299 /* PeepDetailView.swift in Sources */ = {isa = PBXBuildFile; fileRef = ABD631C02C9757AC00AFF299 /* PeepDetailView.swift */; };
		ABD631C32C9757B400AFF299 /* PeepDetailStore.swift in Sources */ = {isa = PBXBuildFile; fileRef = ABD631C22C9757B400AFF299 /* PeepDetailStore.swift */; };
		ABD631C62C97602500AFF299 /* ChatView.swift in Sources */ = {isa = PBXBuildFile; fileRef = ABD631C52C97602500AFF299 /* ChatView.swift */; };
		ABD631C92C97611100AFF299 /* ChatStore.swift in Sources */ = {isa = PBXBuildFile; fileRef = ABD631C82C97611100AFF299 /* ChatStore.swift */; };
		ABDD3EC82CEB867C00A60C01 /* BackImageLayer.swift in Sources */ = {isa = PBXBuildFile; fileRef = ABDD3EC72CEB867C00A60C01 /* BackImageLayer.swift */; };
		ABE3DB1F2CA976D10090243C /* ModifyGenderView.swift in Sources */ = {isa = PBXBuildFile; fileRef = ABE3DB1E2CA976D10090243C /* ModifyGenderView.swift */; };
		ABE581BB2CCA6F01003366DC /* Pretendard-Bold.ttf in Resources */ = {isa = PBXBuildFile; fileRef = ABE581B22CCA6F00003366DC /* Pretendard-Bold.ttf */; };
		ABE581BC2CCA6F01003366DC /* Pretendard-SemiBold.ttf in Resources */ = {isa = PBXBuildFile; fileRef = ABE581B32CCA6F00003366DC /* Pretendard-SemiBold.ttf */; };
		ABE581BD2CCA6F01003366DC /* Pretendard-Light.ttf in Resources */ = {isa = PBXBuildFile; fileRef = ABE581B42CCA6F00003366DC /* Pretendard-Light.ttf */; };
		ABE581BE2CCA6F01003366DC /* Pretendard-Medium.ttf in Resources */ = {isa = PBXBuildFile; fileRef = ABE581B52CCA6F00003366DC /* Pretendard-Medium.ttf */; };
		ABE581BF2CCA6F01003366DC /* Pretendard-Regular.ttf in Resources */ = {isa = PBXBuildFile; fileRef = ABE581B62CCA6F00003366DC /* Pretendard-Regular.ttf */; };
		ABE581C02CCA6F01003366DC /* Pretendard-Black.ttf in Resources */ = {isa = PBXBuildFile; fileRef = ABE581B72CCA6F00003366DC /* Pretendard-Black.ttf */; };
		ABE581C12CCA6F01003366DC /* Pretendard-ExtraLight.ttf in Resources */ = {isa = PBXBuildFile; fileRef = ABE581B82CCA6F00003366DC /* Pretendard-ExtraLight.ttf */; };
		ABE581C22CCA6F01003366DC /* Pretendard-ExtraBold.ttf in Resources */ = {isa = PBXBuildFile; fileRef = ABE581B92CCA6F00003366DC /* Pretendard-ExtraBold.ttf */; };
		ABE581C32CCA6F01003366DC /* Pretendard-Thin.ttf in Resources */ = {isa = PBXBuildFile; fileRef = ABE581BA2CCA6F01003366DC /* Pretendard-Thin.ttf */; };
		ABE581C82CCA99FC003366DC /* FontModifier.swift in Sources */ = {isa = PBXBuildFile; fileRef = ABE581C72CCA99FC003366DC /* FontModifier.swift */; };
		ABE581CA2CCA9A80003366DC /* FontSystem.swift in Sources */ = {isa = PBXBuildFile; fileRef = ABE581C92CCA9A80003366DC /* FontSystem.swift */; };
		ABE8A0C32CEAE61000AFBEAE /* DropShadowModifier.swift in Sources */ = {isa = PBXBuildFile; fileRef = ABE8A0C22CEAE61000AFBEAE /* DropShadowModifier.swift */; };
		ABE8A0C52CEAE61800AFBEAE /* ThumbnailLayer.swift in Sources */ = {isa = PBXBuildFile; fileRef = ABE8A0C42CEAE61800AFBEAE /* ThumbnailLayer.swift */; };
		ABE8A0CB2CEAEAB100AFBEAE /* BackMapLayer.swift in Sources */ = {isa = PBXBuildFile; fileRef = ABE8A0CA2CEAEAB100AFBEAE /* BackMapLayer.swift */; };
		ABE8A0CD2CEAEFF100AFBEAE /* PressableButtonStyle.swift in Sources */ = {isa = PBXBuildFile; fileRef = ABE8A0CC2CEAEFF100AFBEAE /* PressableButtonStyle.swift */; };
		ABEBFD842CEF550C00E392F3 /* HotLabel.swift in Sources */ = {isa = PBXBuildFile; fileRef = ABEBFD832CEF550C00E392F3 /* HotLabel.swift */; };
		ABF72EB12CBE5FD500629E9C /* TextItem.swift in Sources */ = {isa = PBXBuildFile; fileRef = ABF72EB02CBE5FD500629E9C /* TextItem.swift */; };
		ABF72EB32CBE625400629E9C /* DraggableText.swift in Sources */ = {isa = PBXBuildFile; fileRef = ABF72EB22CBE625400629E9C /* DraggableText.swift */; };
		ABF8E2EF2CD237780096A7EF /* UINavigationController+Extension.swift in Sources */ = {isa = PBXBuildFile; fileRef = ABF8E2EE2CD237780096A7EF /* UINavigationController+Extension.swift */; };
/* End PBXBuildFile section */

/* Begin PBXFileReference section */
		AB07781D2CE7307E00E4F226 /* EnterAuthCodeStore.swift */ = {isa = PBXFileReference; lastKnownFileType = sourcecode.swift; path = EnterAuthCodeStore.swift; sourceTree = "<group>"; };
		AB07781F2CE730AA00E4F226 /* EnterAuthCodeView.swift */ = {isa = PBXFileReference; lastKnownFileType = sourcecode.swift; path = EnterAuthCodeView.swift; sourceTree = "<group>"; };
		AB094DE02CC6257A0091E9FB /* SliderView.swift */ = {isa = PBXFileReference; lastKnownFileType = sourcecode.swift; path = SliderView.swift; sourceTree = "<group>"; };
		AB094DE22CC6266C0091E9FB /* SliderStore.swift */ = {isa = PBXFileReference; lastKnownFileType = sourcecode.swift; path = SliderStore.swift; sourceTree = "<group>"; };
		AB094DE72CC76EBE0091E9FB /* Color+Extension.swift */ = {isa = PBXFileReference; lastKnownFileType = sourcecode.swift; path = "Color+Extension.swift"; sourceTree = "<group>"; };
		AB26A8202CB2D3D4007D432E /* TermType.swift */ = {isa = PBXFileReference; lastKnownFileType = sourcecode.swift; path = TermType.swift; sourceTree = "<group>"; };
		AB26A8222CB2DE59007D432E /* InputIdView.swift */ = {isa = PBXFileReference; lastKnownFileType = sourcecode.swift; path = InputIdView.swift; sourceTree = "<group>"; };
		AB26A8242CB2DF26007D432E /* InputIdStore.swift */ = {isa = PBXFileReference; lastKnownFileType = sourcecode.swift; path = InputIdStore.swift; sourceTree = "<group>"; };
		AB26A8262CB2ED90007D432E /* ProfileInfoView.swift */ = {isa = PBXFileReference; lastKnownFileType = sourcecode.swift; path = ProfileInfoView.swift; sourceTree = "<group>"; };
		AB26A8282CB2ED99007D432E /* ProfileInfoStore.swift */ = {isa = PBXFileReference; lastKnownFileType = sourcecode.swift; path = ProfileInfoStore.swift; sourceTree = "<group>"; };
		AB468D0A2CA8820A00C1E430 /* SettingView.swift */ = {isa = PBXFileReference; lastKnownFileType = sourcecode.swift; path = SettingView.swift; sourceTree = "<group>"; };
		AB468D0C2CA8821600C1E430 /* SettingStore.swift */ = {isa = PBXFileReference; lastKnownFileType = sourcecode.swift; path = SettingStore.swift; sourceTree = "<group>"; };
		AB468D122CA93F7D00C1E430 /* SideMenuType.swift */ = {isa = PBXFileReference; lastKnownFileType = sourcecode.swift; path = SideMenuType.swift; sourceTree = "<group>"; };
		AB468D152CA9401600C1E430 /* TownPeepsStore.swift */ = {isa = PBXFileReference; lastKnownFileType = sourcecode.swift; path = TownPeepsStore.swift; sourceTree = "<group>"; };
		AB468D172CA9403700C1E430 /* TownPeepsView.swift */ = {isa = PBXFileReference; lastKnownFileType = sourcecode.swift; path = TownPeepsView.swift; sourceTree = "<group>"; };
		AB468D1A2CA941F600C1E430 /* NotificationStore.swift */ = {isa = PBXFileReference; lastKnownFileType = sourcecode.swift; path = NotificationStore.swift; sourceTree = "<group>"; };
		AB468D1C2CA9420800C1E430 /* NotificationView.swift */ = {isa = PBXFileReference; lastKnownFileType = sourcecode.swift; path = NotificationView.swift; sourceTree = "<group>"; };
		AB468D1F2CA9428700C1E430 /* AnnounceStore.swift */ = {isa = PBXFileReference; lastKnownFileType = sourcecode.swift; path = AnnounceStore.swift; sourceTree = "<group>"; };
		AB468D212CA9429600C1E430 /* AnnounceView.swift */ = {isa = PBXFileReference; lastKnownFileType = sourcecode.swift; path = AnnounceView.swift; sourceTree = "<group>"; };
		AB468D242CA943CA00C1E430 /* CameraStore.swift */ = {isa = PBXFileReference; lastKnownFileType = sourcecode.swift; path = CameraStore.swift; sourceTree = "<group>"; };
		AB468D262CA943E500C1E430 /* CameraView.swift */ = {isa = PBXFileReference; lastKnownFileType = sourcecode.swift; path = CameraView.swift; sourceTree = "<group>"; };
		AB468D2A2CA94A2D00C1E430 /* ProfileModifyStore.swift */ = {isa = PBXFileReference; lastKnownFileType = sourcecode.swift; path = ProfileModifyStore.swift; sourceTree = "<group>"; };
		AB468D2C2CA94A5400C1E430 /* ProfileModifyView.swift */ = {isa = PBXFileReference; lastKnownFileType = sourcecode.swift; path = ProfileModifyView.swift; sourceTree = "<group>"; };
		AB468D302CA954C700C1E430 /* GenderType.swift */ = {isa = PBXFileReference; lastKnownFileType = sourcecode.swift; path = GenderType.swift; sourceTree = "<group>"; };
		AB468D352CA9574700C1E430 /* NicknameModifyView.swift */ = {isa = PBXFileReference; lastKnownFileType = sourcecode.swift; path = NicknameModifyView.swift; sourceTree = "<group>"; };
		AB469C702C9FED6C00DC7B8A /* SideMenuView.swift */ = {isa = PBXFileReference; lastKnownFileType = sourcecode.swift; path = SideMenuView.swift; sourceTree = "<group>"; };
		AB469C722C9FF7F000DC7B8A /* SideMenuStore.swift */ = {isa = PBXFileReference; lastKnownFileType = sourcecode.swift; path = SideMenuStore.swift; sourceTree = "<group>"; };
		AB5159752CA97A320043AA0A /* MainGrayButtonStyle.swift */ = {isa = PBXFileReference; lastKnownFileType = sourcecode.swift; path = MainGrayButtonStyle.swift; sourceTree = "<group>"; };
		AB51597E2CAAFA670043AA0A /* LoginView.swift */ = {isa = PBXFileReference; lastKnownFileType = sourcecode.swift; path = LoginView.swift; sourceTree = "<group>"; };
		AB5159802CAAFA730043AA0A /* LoginStore.swift */ = {isa = PBXFileReference; lastKnownFileType = sourcecode.swift; path = LoginStore.swift; sourceTree = "<group>"; };
		AB5159822CAAFCA40043AA0A /* LoginType.swift */ = {isa = PBXFileReference; lastKnownFileType = sourcecode.swift; path = LoginType.swift; sourceTree = "<group>"; };
		AB53DE502CA00FDC00D8DC1F /* Constant.swift */ = {isa = PBXFileReference; lastKnownFileType = sourcecode.swift; path = Constant.swift; sourceTree = "<group>"; };
		AB53DE522CA0123D00D8DC1F /* PeepModalStore.swift */ = {isa = PBXFileReference; lastKnownFileType = sourcecode.swift; path = PeepModalStore.swift; sourceTree = "<group>"; };
		AB53DE542CA0289A00D8DC1F /* Chat.swift */ = {isa = PBXFileReference; lastKnownFileType = sourcecode.swift; path = Chat.swift; sourceTree = "<group>"; };
		AB53DE572CA02BD600D8DC1F /* ChatBubbleView.swift */ = {isa = PBXFileReference; lastKnownFileType = sourcecode.swift; path = ChatBubbleView.swift; sourceTree = "<group>"; };
		AB53DE592CA02D1F00D8DC1F /* ChatType.swift */ = {isa = PBXFileReference; lastKnownFileType = sourcecode.swift; path = ChatType.swift; sourceTree = "<group>"; };
		AB6B52572CD3478A00BDC985 /* CheckEnterFieldStore.swift */ = {isa = PBXFileReference; lastKnownFileType = sourcecode.swift; path = CheckEnterFieldStore.swift; sourceTree = "<group>"; };
		AB6B525A2CD7D9D200BDC985 /* LaunchScreen.swift */ = {isa = PBXFileReference; lastKnownFileType = sourcecode.swift; path = LaunchScreen.swift; sourceTree = "<group>"; };
		AB71E1C72CBC065600D2D3D9 /* EditView.swift */ = {isa = PBXFileReference; lastKnownFileType = sourcecode.swift; path = EditView.swift; sourceTree = "<group>"; };
		AB71E1C92CBC065E00D2D3D9 /* EditStore.swift */ = {isa = PBXFileReference; lastKnownFileType = sourcecode.swift; path = EditStore.swift; sourceTree = "<group>"; };
		AB71E1CC2CBC06D000D2D3D9 /* WriteView.swift */ = {isa = PBXFileReference; lastKnownFileType = sourcecode.swift; path = WriteView.swift; sourceTree = "<group>"; };
		AB71E1CE2CBC06D800D2D3D9 /* WriteStore.swift */ = {isa = PBXFileReference; lastKnownFileType = sourcecode.swift; path = WriteStore.swift; sourceTree = "<group>"; };
		AB71E1D12CBC245C00D2D3D9 /* StickerModalStore.swift */ = {isa = PBXFileReference; lastKnownFileType = sourcecode.swift; path = StickerModalStore.swift; sourceTree = "<group>"; };
		AB71E1D32CBC254600D2D3D9 /* StickerModalView.swift */ = {isa = PBXFileReference; lastKnownFileType = sourcecode.swift; path = StickerModalView.swift; sourceTree = "<group>"; };
		AB71E1D52CBE3AD000D2D3D9 /* DraggableSticker.swift */ = {isa = PBXFileReference; lastKnownFileType = sourcecode.swift; path = DraggableSticker.swift; sourceTree = "<group>"; };
		AB71E1D72CBE3F3B00D2D3D9 /* StickerItem.swift */ = {isa = PBXFileReference; lastKnownFileType = sourcecode.swift; path = StickerItem.swift; sourceTree = "<group>"; };
		AB8A25852CD7EC1A0007A7A8 /* String+Extension.swift */ = {isa = PBXFileReference; lastKnownFileType = sourcecode.swift; path = "String+Extension.swift"; sourceTree = "<group>"; };
		ABA9A2E12CCE932900AA605B /* Adjusted.swift */ = {isa = PBXFileReference; lastKnownFileType = sourcecode.swift; path = Adjusted.swift; sourceTree = "<group>"; };
		ABADBBE92CEC8205005A9639 /* AnnounceModalView.swift */ = {isa = PBXFileReference; lastKnownFileType = sourcecode.swift; path = AnnounceModalView.swift; sourceTree = "<group>"; };
		ABB444952CA8451900C1EE67 /* RootView.swift */ = {isa = PBXFileReference; lastKnownFileType = sourcecode.swift; path = RootView.swift; sourceTree = "<group>"; };
		ABB444982CA8452900C1EE67 /* RootStore.swift */ = {isa = PBXFileReference; lastKnownFileType = sourcecode.swift; path = RootStore.swift; sourceTree = "<group>"; };
		ABB9218E2CEC661D00AD0C81 /* Announce.swift */ = {isa = PBXFileReference; lastKnownFileType = sourcecode.swift; path = Announce.swift; sourceTree = "<group>"; };
		ABB96D222CD25188003C6742 /* NavigationBar.swift */ = {isa = PBXFileReference; lastKnownFileType = sourcecode.swift; path = NavigationBar.swift; sourceTree = "<group>"; };
		ABB96D242CD344D2003C6742 /* CheckEnterField.swift */ = {isa = PBXFileReference; lastKnownFileType = sourcecode.swift; path = CheckEnterField.swift; sourceTree = "<group>"; };
		ABC171EE2CAB193F00370901 /* TermView.swift */ = {isa = PBXFileReference; lastKnownFileType = sourcecode.swift; path = TermView.swift; sourceTree = "<group>"; };
		ABC171F02CAB198100370901 /* NicknameView.swift */ = {isa = PBXFileReference; lastKnownFileType = sourcecode.swift; path = NicknameView.swift; sourceTree = "<group>"; };
		ABC171F22CAB198C00370901 /* AuthenticationView.swift */ = {isa = PBXFileReference; lastKnownFileType = sourcecode.swift; path = AuthenticationView.swift; sourceTree = "<group>"; };
		ABC171F42CAB199300370901 /* WelcomeView.swift */ = {isa = PBXFileReference; lastKnownFileType = sourcecode.swift; path = WelcomeView.swift; sourceTree = "<group>"; };
		ABC171F72CAB19E200370901 /* TermStore.swift */ = {isa = PBXFileReference; lastKnownFileType = sourcecode.swift; path = TermStore.swift; sourceTree = "<group>"; };
		ABC171F92CAB19FA00370901 /* NicknameStore.swift */ = {isa = PBXFileReference; lastKnownFileType = sourcecode.swift; path = NicknameStore.swift; sourceTree = "<group>"; };
		ABC171FB2CAB1A0800370901 /* AuthenticationStore.swift */ = {isa = PBXFileReference; lastKnownFileType = sourcecode.swift; path = AuthenticationStore.swift; sourceTree = "<group>"; };
		ABC171FD2CAB1A2500370901 /* WelcomeStore.swift */ = {isa = PBXFileReference; lastKnownFileType = sourcecode.swift; path = WelcomeStore.swift; sourceTree = "<group>"; };
		ABC305C62C932341003B00FE /* PeepIt.app */ = {isa = PBXFileReference; explicitFileType = wrapper.application; includeInIndex = 0; path = PeepIt.app; sourceTree = BUILT_PRODUCTS_DIR; };
		ABC305C92C932341003B00FE /* PeepItApp.swift */ = {isa = PBXFileReference; lastKnownFileType = sourcecode.swift; path = PeepItApp.swift; sourceTree = "<group>"; };
		ABC305CB2C932341003B00FE /* HomeView.swift */ = {isa = PBXFileReference; lastKnownFileType = sourcecode.swift; path = HomeView.swift; sourceTree = "<group>"; };
		ABC305CD2C932342003B00FE /* Assets.xcassets */ = {isa = PBXFileReference; lastKnownFileType = folder.assetcatalog; path = Assets.xcassets; sourceTree = "<group>"; };
		ABC305D02C932342003B00FE /* Preview Assets.xcassets */ = {isa = PBXFileReference; lastKnownFileType = folder.assetcatalog; path = "Preview Assets.xcassets"; sourceTree = "<group>"; };
		ABC305DE2C93345D003B00FE /* HomeStore.swift */ = {isa = PBXFileReference; lastKnownFileType = sourcecode.swift; path = HomeStore.swift; sourceTree = "<group>"; };
		ABC305E32C933A63003B00FE /* PeepPreviewModalView.swift */ = {isa = PBXFileReference; lastKnownFileType = sourcecode.swift; path = PeepPreviewModalView.swift; sourceTree = "<group>"; };
		ABC305E82C933F08003B00FE /* ClearBackgroundViewModifier.swift */ = {isa = PBXFileReference; lastKnownFileType = sourcecode.swift; path = ClearBackgroundViewModifier.swift; sourceTree = "<group>"; };
		ABC305F02C95A4D1003B00FE /* PeepPreview.swift */ = {isa = PBXFileReference; lastKnownFileType = sourcecode.swift; path = PeepPreview.swift; sourceTree = "<group>"; };
		ABC305F22C95A567003B00FE /* UserProfile.swift */ = {isa = PBXFileReference; lastKnownFileType = sourcecode.swift; path = UserProfile.swift; sourceTree = "<group>"; };
		ABC701312CE6E069004DCFF1 /* MainLimeButtonStyle.swift */ = {isa = PBXFileReference; lastKnownFileType = sourcecode.swift; path = MainLimeButtonStyle.swift; sourceTree = "<group>"; };
		ABCC50E02CEF8F23004AD297 /* BackButton.swift */ = {isa = PBXFileReference; lastKnownFileType = sourcecode.swift; path = BackButton.swift; sourceTree = "<group>"; };
		ABD3CAA22CA08D4C00438747 /* MyProfileView.swift */ = {isa = PBXFileReference; lastKnownFileType = sourcecode.swift; path = MyProfileView.swift; sourceTree = "<group>"; };
		ABD3CAA42CA08D6C00438747 /* MyProfileStore.swift */ = {isa = PBXFileReference; lastKnownFileType = sourcecode.swift; path = MyProfileStore.swift; sourceTree = "<group>"; };
		ABD3CAA62CA098EE00438747 /* MyActivityPeep.swift */ = {isa = PBXFileReference; lastKnownFileType = sourcecode.swift; path = MyActivityPeep.swift; sourceTree = "<group>"; };
		ABD3CAA92CA1AC8400438747 /* ReactedPeepCell.swift */ = {isa = PBXFileReference; lastKnownFileType = sourcecode.swift; path = ReactedPeepCell.swift; sourceTree = "<group>"; };
		ABD3CAAB2CA1B1D000438747 /* CommentedPeepCell.swift */ = {isa = PBXFileReference; lastKnownFileType = sourcecode.swift; path = CommentedPeepCell.swift; sourceTree = "<group>"; };
		ABD3CAAD2CA1B32D00438747 /* MyProfileTabType.swift */ = {isa = PBXFileReference; lastKnownFileType = sourcecode.swift; path = MyProfileTabType.swift; sourceTree = "<group>"; };
		ABD3CAAF2CA1B52000438747 /* Peep.swift */ = {isa = PBXFileReference; lastKnownFileType = sourcecode.swift; path = Peep.swift; sourceTree = "<group>"; };
		ABD3CAB32CA1BE0100438747 /* UserProfileView.swift */ = {isa = PBXFileReference; lastKnownFileType = sourcecode.swift; path = UserProfileView.swift; sourceTree = "<group>"; };
		ABD3CAB62CA1BF2F00438747 /* OtherProfileView.swift */ = {isa = PBXFileReference; lastKnownFileType = sourcecode.swift; path = OtherProfileView.swift; sourceTree = "<group>"; };
		ABD3CAB82CA1BF3900438747 /* OtherProfileStore.swift */ = {isa = PBXFileReference; lastKnownFileType = sourcecode.swift; path = OtherProfileStore.swift; sourceTree = "<group>"; };
		ABD631C02C9757AC00AFF299 /* PeepDetailView.swift */ = {isa = PBXFileReference; lastKnownFileType = sourcecode.swift; path = PeepDetailView.swift; sourceTree = "<group>"; };
		ABD631C22C9757B400AFF299 /* PeepDetailStore.swift */ = {isa = PBXFileReference; lastKnownFileType = sourcecode.swift; path = PeepDetailStore.swift; sourceTree = "<group>"; };
		ABD631C52C97602500AFF299 /* ChatView.swift */ = {isa = PBXFileReference; lastKnownFileType = sourcecode.swift; path = ChatView.swift; sourceTree = "<group>"; };
		ABD631C82C97611100AFF299 /* ChatStore.swift */ = {isa = PBXFileReference; lastKnownFileType = sourcecode.swift; path = ChatStore.swift; sourceTree = "<group>"; };
		ABDD3EC72CEB867C00A60C01 /* BackImageLayer.swift */ = {isa = PBXFileReference; lastKnownFileType = sourcecode.swift; path = BackImageLayer.swift; sourceTree = "<group>"; };
		ABE3DB1E2CA976D10090243C /* ModifyGenderView.swift */ = {isa = PBXFileReference; lastKnownFileType = sourcecode.swift; path = ModifyGenderView.swift; sourceTree = "<group>"; };
		ABE581B22CCA6F00003366DC /* Pretendard-Bold.ttf */ = {isa = PBXFileReference; lastKnownFileType = file; path = "Pretendard-Bold.ttf"; sourceTree = "<group>"; };
		ABE581B32CCA6F00003366DC /* Pretendard-SemiBold.ttf */ = {isa = PBXFileReference; lastKnownFileType = file; path = "Pretendard-SemiBold.ttf"; sourceTree = "<group>"; };
		ABE581B42CCA6F00003366DC /* Pretendard-Light.ttf */ = {isa = PBXFileReference; lastKnownFileType = file; path = "Pretendard-Light.ttf"; sourceTree = "<group>"; };
		ABE581B52CCA6F00003366DC /* Pretendard-Medium.ttf */ = {isa = PBXFileReference; lastKnownFileType = file; path = "Pretendard-Medium.ttf"; sourceTree = "<group>"; };
		ABE581B62CCA6F00003366DC /* Pretendard-Regular.ttf */ = {isa = PBXFileReference; lastKnownFileType = file; path = "Pretendard-Regular.ttf"; sourceTree = "<group>"; };
		ABE581B72CCA6F00003366DC /* Pretendard-Black.ttf */ = {isa = PBXFileReference; lastKnownFileType = file; path = "Pretendard-Black.ttf"; sourceTree = "<group>"; };
		ABE581B82CCA6F00003366DC /* Pretendard-ExtraLight.ttf */ = {isa = PBXFileReference; lastKnownFileType = file; path = "Pretendard-ExtraLight.ttf"; sourceTree = "<group>"; };
		ABE581B92CCA6F00003366DC /* Pretendard-ExtraBold.ttf */ = {isa = PBXFileReference; lastKnownFileType = file; path = "Pretendard-ExtraBold.ttf"; sourceTree = "<group>"; };
		ABE581BA2CCA6F01003366DC /* Pretendard-Thin.ttf */ = {isa = PBXFileReference; lastKnownFileType = text; path = "Pretendard-Thin.ttf"; sourceTree = "<group>"; };
		ABE581C42CCA6F20003366DC /* Info.plist */ = {isa = PBXFileReference; lastKnownFileType = text.plist.xml; path = Info.plist; sourceTree = "<group>"; };
		ABE581C72CCA99FC003366DC /* FontModifier.swift */ = {isa = PBXFileReference; lastKnownFileType = sourcecode.swift; path = FontModifier.swift; sourceTree = "<group>"; };
		ABE581C92CCA9A80003366DC /* FontSystem.swift */ = {isa = PBXFileReference; lastKnownFileType = sourcecode.swift; path = FontSystem.swift; sourceTree = "<group>"; };
		ABE8A0C22CEAE61000AFBEAE /* DropShadowModifier.swift */ = {isa = PBXFileReference; lastKnownFileType = sourcecode.swift; path = DropShadowModifier.swift; sourceTree = "<group>"; };
		ABE8A0C42CEAE61800AFBEAE /* ThumbnailLayer.swift */ = {isa = PBXFileReference; lastKnownFileType = sourcecode.swift; path = ThumbnailLayer.swift; sourceTree = "<group>"; };
		ABE8A0CA2CEAEAB100AFBEAE /* BackMapLayer.swift */ = {isa = PBXFileReference; lastKnownFileType = sourcecode.swift; path = BackMapLayer.swift; sourceTree = "<group>"; };
		ABE8A0CC2CEAEFF100AFBEAE /* PressableButtonStyle.swift */ = {isa = PBXFileReference; lastKnownFileType = sourcecode.swift; path = PressableButtonStyle.swift; sourceTree = "<group>"; };
		ABEBFD832CEF550C00E392F3 /* HotLabel.swift */ = {isa = PBXFileReference; lastKnownFileType = sourcecode.swift; path = HotLabel.swift; sourceTree = "<group>"; };
		ABF72EB02CBE5FD500629E9C /* TextItem.swift */ = {isa = PBXFileReference; lastKnownFileType = sourcecode.swift; path = TextItem.swift; sourceTree = "<group>"; };
		ABF72EB22CBE625400629E9C /* DraggableText.swift */ = {isa = PBXFileReference; lastKnownFileType = sourcecode.swift; path = DraggableText.swift; sourceTree = "<group>"; };
		ABF8E2EE2CD237780096A7EF /* UINavigationController+Extension.swift */ = {isa = PBXFileReference; lastKnownFileType = sourcecode.swift; path = "UINavigationController+Extension.swift"; sourceTree = "<group>"; };
/* End PBXFileReference section */

/* Begin PBXFrameworksBuildPhase section */
		ABC305C32C932341003B00FE /* Frameworks */ = {
			isa = PBXFrameworksBuildPhase;
			buildActionMask = 2147483647;
			files = (
				ABC305DD2C9328B1003B00FE /* ComposableArchitecture in Frameworks */,
			);
			runOnlyForDeploymentPostprocessing = 0;
		};
/* End PBXFrameworksBuildPhase section */

/* Begin PBXGroup section */
		AB07781B2CE7306500E4F226 /* EnterPhoneNumber */ = {
			isa = PBXGroup;
			children = (
				ABC171F22CAB198C00370901 /* AuthenticationView.swift */,
				ABC171FB2CAB1A0800370901 /* AuthenticationStore.swift */,
			);
			path = EnterPhoneNumber;
			sourceTree = "<group>";
		};
		AB07781C2CE7307100E4F226 /* EnterAuthCode */ = {
			isa = PBXGroup;
			children = (
				AB07781F2CE730AA00E4F226 /* EnterAuthCodeView.swift */,
				AB07781D2CE7307E00E4F226 /* EnterAuthCodeStore.swift */,
			);
			path = EnterAuthCode;
			sourceTree = "<group>";
		};
		AB094DDF2CC6256F0091E9FB /* Slider */ = {
			isa = PBXGroup;
			children = (
				AB094DE02CC6257A0091E9FB /* SliderView.swift */,
				AB094DE22CC6266C0091E9FB /* SliderStore.swift */,
			);
			path = Slider;
			sourceTree = "<group>";
		};
		AB094DE62CC76EB10091E9FB /* Extension */ = {
			isa = PBXGroup;
			children = (
				ABA9A2E12CCE932900AA605B /* Adjusted.swift */,
				ABF8E2EE2CD237780096A7EF /* UINavigationController+Extension.swift */,
				AB8A25852CD7EC1A0007A7A8 /* String+Extension.swift */,
			);
			path = Extension;
			sourceTree = "<group>";
		};
		AB468D092CA881FB00C1E430 /* Setting */ = {
			isa = PBXGroup;
			children = (
				AB468D0A2CA8820A00C1E430 /* SettingView.swift */,
				AB468D0C2CA8821600C1E430 /* SettingStore.swift */,
			);
			path = Setting;
			sourceTree = "<group>";
		};
		AB468D142CA9400800C1E430 /* TownPeeps */ = {
			isa = PBXGroup;
			children = (
				AB468D152CA9401600C1E430 /* TownPeepsStore.swift */,
				AB468D172CA9403700C1E430 /* TownPeepsView.swift */,
			);
			path = TownPeeps;
			sourceTree = "<group>";
		};
		AB468D192CA941E900C1E430 /* Notification */ = {
			isa = PBXGroup;
			children = (
				AB468D1A2CA941F600C1E430 /* NotificationStore.swift */,
				AB468D1C2CA9420800C1E430 /* NotificationView.swift */,
			);
			path = Notification;
			sourceTree = "<group>";
		};
		AB468D1E2CA9425D00C1E430 /* Announce */ = {
			isa = PBXGroup;
			children = (
				AB468D1F2CA9428700C1E430 /* AnnounceStore.swift */,
				AB468D212CA9429600C1E430 /* AnnounceView.swift */,
				ABADBBE92CEC8205005A9639 /* AnnounceModalView.swift */,
			);
			path = Announce;
			sourceTree = "<group>";
		};
		AB468D232CA9438E00C1E430 /* PeepUpload */ = {
			isa = PBXGroup;
			children = (
				AB71E1C52CBC048500D2D3D9 /* Camera */,
				AB71E1C62CBC062B00D2D3D9 /* Edit */,
				AB71E1D02CBC244900D2D3D9 /* StickerModal */,
				AB71E1CB2CBC06B700D2D3D9 /* Write */,
				AB094DDF2CC6256F0091E9FB /* Slider */,
			);
			path = PeepUpload;
			sourceTree = "<group>";
		};
		AB468D292CA94A1C00C1E430 /* Modify */ = {
			isa = PBXGroup;
			children = (
				AB468D322CA9570500C1E430 /* ProfileModify */,
				ABE3DB1C2CA976B30090243C /* Nickname */,
				ABE3DB1D2CA976C10090243C /* Gender */,
			);
			path = Modify;
			sourceTree = "<group>";
		};
		AB468D322CA9570500C1E430 /* ProfileModify */ = {
			isa = PBXGroup;
			children = (
				AB468D2A2CA94A2D00C1E430 /* ProfileModifyStore.swift */,
				AB468D2C2CA94A5400C1E430 /* ProfileModifyView.swift */,
			);
			path = ProfileModify;
			sourceTree = "<group>";
		};
		AB469C6F2C9FED5E00DC7B8A /* SideMenu */ = {
			isa = PBXGroup;
			children = (
				AB469C702C9FED6C00DC7B8A /* SideMenuView.swift */,
				AB469C722C9FF7F000DC7B8A /* SideMenuStore.swift */,
				AB468D122CA93F7D00C1E430 /* SideMenuType.swift */,
			);
			path = SideMenu;
			sourceTree = "<group>";
		};
		AB5159772CA97C9C0043AA0A /* Constant */ = {
			isa = PBXGroup;
			children = (
				AB53DE502CA00FDC00D8DC1F /* Constant.swift */,
			);
			path = Constant;
			sourceTree = "<group>";
		};
		AB51597D2CAAFA5D0043AA0A /* Login */ = {
			isa = PBXGroup;
			children = (
				AB51597E2CAAFA670043AA0A /* LoginView.swift */,
				AB5159802CAAFA730043AA0A /* LoginStore.swift */,
				AB5159822CAAFCA40043AA0A /* LoginType.swift */,
			);
			path = Login;
			sourceTree = "<group>";
		};
		AB53DE4F2CA00FD100D8DC1F /* Utils */ = {
			isa = PBXGroup;
			children = (
				ABE8A0C62CEAE62800AFBEAE /* CoreSystem */,
				AB5159772CA97C9C0043AA0A /* Constant */,
				AB094DE62CC76EB10091E9FB /* Extension */,
			);
			path = Utils;
			sourceTree = "<group>";
		};
		AB53DE562CA02BC700D8DC1F /* SubViews */ = {
			isa = PBXGroup;
			children = (
				AB53DE572CA02BD600D8DC1F /* ChatBubbleView.swift */,
				AB53DE592CA02D1F00D8DC1F /* ChatType.swift */,
			);
			path = SubViews;
			sourceTree = "<group>";
		};
		AB71E1C52CBC048500D2D3D9 /* Camera */ = {
			isa = PBXGroup;
			children = (
				AB468D242CA943CA00C1E430 /* CameraStore.swift */,
				AB468D262CA943E500C1E430 /* CameraView.swift */,
			);
			path = Camera;
			sourceTree = "<group>";
		};
		AB71E1C62CBC062B00D2D3D9 /* Edit */ = {
			isa = PBXGroup;
			children = (
				AB71E1C72CBC065600D2D3D9 /* EditView.swift */,
				AB71E1C92CBC065E00D2D3D9 /* EditStore.swift */,
				AB71E1D52CBE3AD000D2D3D9 /* DraggableSticker.swift */,
				ABF72EB22CBE625400629E9C /* DraggableText.swift */,
			);
			path = Edit;
			sourceTree = "<group>";
		};
		AB71E1CB2CBC06B700D2D3D9 /* Write */ = {
			isa = PBXGroup;
			children = (
				AB71E1CC2CBC06D000D2D3D9 /* WriteView.swift */,
				AB71E1CE2CBC06D800D2D3D9 /* WriteStore.swift */,
			);
			path = Write;
			sourceTree = "<group>";
		};
		AB71E1D02CBC244900D2D3D9 /* StickerModal */ = {
			isa = PBXGroup;
			children = (
				AB71E1D12CBC245C00D2D3D9 /* StickerModalStore.swift */,
				AB71E1D32CBC254600D2D3D9 /* StickerModalView.swift */,
			);
			path = StickerModal;
			sourceTree = "<group>";
		};
		ABB444972CA8451D00C1EE67 /* Root */ = {
			isa = PBXGroup;
			children = (
				ABB444952CA8451900C1EE67 /* RootView.swift */,
				ABB444982CA8452900C1EE67 /* RootStore.swift */,
				AB6B525A2CD7D9D200BDC985 /* LaunchScreen.swift */,
			);
			path = Root;
			sourceTree = "<group>";
		};
		ABB96D212CD25145003C6742 /* Views */ = {
			isa = PBXGroup;
			children = (
				ABB96D222CD25188003C6742 /* NavigationBar.swift */,
				ABB96D242CD344D2003C6742 /* CheckEnterField.swift */,
				AB6B52572CD3478A00BDC985 /* CheckEnterFieldStore.swift */,
				ABEBFD832CEF550C00E392F3 /* HotLabel.swift */,
				ABCC50E02CEF8F23004AD297 /* BackButton.swift */,
			);
			path = Views;
			sourceTree = "<group>";
		};
		ABC171E82CAB183600370901 /* SignUp */ = {
			isa = PBXGroup;
			children = (
				ABC171E92CAB184200370901 /* Term */,
				ABC171EA2CAB184D00370901 /* InputProfile */,
				ABC171EC2CAB191900370901 /* Authentication */,
				ABC171ED2CAB192900370901 /* Welcome */,
			);
			path = SignUp;
			sourceTree = "<group>";
		};
		ABC171E92CAB184200370901 /* Term */ = {
			isa = PBXGroup;
			children = (
				ABC171EE2CAB193F00370901 /* TermView.swift */,
				ABC171F72CAB19E200370901 /* TermStore.swift */,
				AB26A8202CB2D3D4007D432E /* TermType.swift */,
			);
			path = Term;
			sourceTree = "<group>";
		};
		ABC171EA2CAB184D00370901 /* InputProfile */ = {
			isa = PBXGroup;
			children = (
				ABC7012F2CE34CC3004DCFF1 /* Id */,
				ABC7012E2CE34CB9004DCFF1 /* Nickname */,
				ABC701302CE34CCA004DCFF1 /* Profile */,
			);
			path = InputProfile;
			sourceTree = "<group>";
		};
		ABC171EC2CAB191900370901 /* Authentication */ = {
			isa = PBXGroup;
			children = (
				AB07781B2CE7306500E4F226 /* EnterPhoneNumber */,
				AB07781C2CE7307100E4F226 /* EnterAuthCode */,
			);
			path = Authentication;
			sourceTree = "<group>";
		};
		ABC171ED2CAB192900370901 /* Welcome */ = {
			isa = PBXGroup;
			children = (
				ABC171F42CAB199300370901 /* WelcomeView.swift */,
				ABC171FD2CAB1A2500370901 /* WelcomeStore.swift */,
			);
			path = Welcome;
			sourceTree = "<group>";
		};
		ABC305BD2C932341003B00FE = {
			isa = PBXGroup;
			children = (
				ABC305C82C932341003B00FE /* PeepIt */,
				ABC305C72C932341003B00FE /* Products */,
			);
			sourceTree = "<group>";
		};
		ABC305C72C932341003B00FE /* Products */ = {
			isa = PBXGroup;
			children = (
				ABC305C62C932341003B00FE /* PeepIt.app */,
			);
			name = Products;
			sourceTree = "<group>";
		};
		ABC305C82C932341003B00FE /* PeepIt */ = {
			isa = PBXGroup;
			children = (
				ABE581C42CCA6F20003366DC /* Info.plist */,
				ABC305D72C9324CC003B00FE /* Features */,
				ABC305EF2C95A4BF003B00FE /* Models */,
				ABC305E72C933EF3003B00FE /* Components */,
				ABC305DA2C932514003B00FE /* Resources */,
				AB53DE4F2CA00FD100D8DC1F /* Utils */,
				ABC305C92C932341003B00FE /* PeepItApp.swift */,
			);
			path = PeepIt;
			sourceTree = "<group>";
		};
		ABC305CF2C932342003B00FE /* Preview Content */ = {
			isa = PBXGroup;
			children = (
				ABC305D02C932342003B00FE /* Preview Assets.xcassets */,
			);
			path = "Preview Content";
			sourceTree = "<group>";
		};
		ABC305D72C9324CC003B00FE /* Features */ = {
			isa = PBXGroup;
			children = (
				ABB444972CA8451D00C1EE67 /* Root */,
				AB51597D2CAAFA5D0043AA0A /* Login */,
				ABC171E82CAB183600370901 /* SignUp */,
				ABC305D82C9324E2003B00FE /* Home */,
				AB469C6F2C9FED5E00DC7B8A /* SideMenu */,
				AB468D232CA9438E00C1E430 /* PeepUpload */,
				ABC305E02C933A45003B00FE /* PeepPreview */,
				ABD631BF2C97579C00AFF299 /* PeepDetail */,
				ABD631C72C97610200AFF299 /* Chat */,
				ABD3CAA12CA08D3F00438747 /* Profile */,
				AB468D092CA881FB00C1E430 /* Setting */,
				AB468D142CA9400800C1E430 /* TownPeeps */,
				AB468D192CA941E900C1E430 /* Notification */,
				AB468D1E2CA9425D00C1E430 /* Announce */,
			);
			path = Features;
			sourceTree = "<group>";
		};
		ABC305D82C9324E2003B00FE /* Home */ = {
			isa = PBXGroup;
			children = (
				ABC305CB2C932341003B00FE /* HomeView.swift */,
				ABC305DE2C93345D003B00FE /* HomeStore.swift */,
			);
			path = Home;
			sourceTree = "<group>";
		};
		ABC305DA2C932514003B00FE /* Resources */ = {
			isa = PBXGroup;
			children = (
				ABE581B12CCA6EB0003366DC /* Font */,
				ABC305CD2C932342003B00FE /* Assets.xcassets */,
				ABC305CF2C932342003B00FE /* Preview Content */,
			);
			path = Resources;
			sourceTree = "<group>";
		};
		ABC305E02C933A45003B00FE /* PeepPreview */ = {
			isa = PBXGroup;
			children = (
				ABC305E32C933A63003B00FE /* PeepPreviewModalView.swift */,
				AB53DE522CA0123D00D8DC1F /* PeepModalStore.swift */,
			);
			path = PeepPreview;
			sourceTree = "<group>";
		};
		ABC305E72C933EF3003B00FE /* Components */ = {
			isa = PBXGroup;
			children = (
				ABC305F62C95C8D7003B00FE /* Modifiers */,
				ABB96D212CD25145003C6742 /* Views */,
			);
			path = Components;
			sourceTree = "<group>";
		};
		ABC305EF2C95A4BF003B00FE /* Models */ = {
			isa = PBXGroup;
			children = (
				ABF72EAF2CBE5FC100629E9C /* Edit */,
				ABC305F02C95A4D1003B00FE /* PeepPreview.swift */,
				ABC305F22C95A567003B00FE /* UserProfile.swift */,
				AB53DE542CA0289A00D8DC1F /* Chat.swift */,
				ABD3CAA62CA098EE00438747 /* MyActivityPeep.swift */,
				ABD3CAAF2CA1B52000438747 /* Peep.swift */,
				ABB9218E2CEC661D00AD0C81 /* Announce.swift */,
			);
			path = Models;
			sourceTree = "<group>";
		};
		ABC305F62C95C8D7003B00FE /* Modifiers */ = {
			isa = PBXGroup;
			children = (
				ABC305E82C933F08003B00FE /* ClearBackgroundViewModifier.swift */,
				AB5159752CA97A320043AA0A /* MainGrayButtonStyle.swift */,
				ABC701312CE6E069004DCFF1 /* MainLimeButtonStyle.swift */,
				ABE8A0C22CEAE61000AFBEAE /* DropShadowModifier.swift */,
				ABE8A0CC2CEAEFF100AFBEAE /* PressableButtonStyle.swift */,
			);
			path = Modifiers;
			sourceTree = "<group>";
		};
		ABC7012E2CE34CB9004DCFF1 /* Nickname */ = {
			isa = PBXGroup;
			children = (
				ABC171F02CAB198100370901 /* NicknameView.swift */,
				ABC171F92CAB19FA00370901 /* NicknameStore.swift */,
			);
			path = Nickname;
			sourceTree = "<group>";
		};
		ABC7012F2CE34CC3004DCFF1 /* Id */ = {
			isa = PBXGroup;
			children = (
				AB26A8222CB2DE59007D432E /* InputIdView.swift */,
				AB26A8242CB2DF26007D432E /* InputIdStore.swift */,
			);
			path = Id;
			sourceTree = "<group>";
		};
		ABC701302CE34CCA004DCFF1 /* Profile */ = {
			isa = PBXGroup;
			children = (
				AB26A8262CB2ED90007D432E /* ProfileInfoView.swift */,
				AB26A8282CB2ED99007D432E /* ProfileInfoStore.swift */,
			);
			path = Profile;
			sourceTree = "<group>";
		};
		ABD3CAA12CA08D3F00438747 /* Profile */ = {
			isa = PBXGroup;
			children = (
				ABD3CAA82CA1AC7200438747 /* SubViews */,
				ABD3CAB12CA1BD7C00438747 /* My */,
				ABD3CAB52CA1BF2100438747 /* Others */,
				AB468D292CA94A1C00C1E430 /* Modify */,
			);
			path = Profile;
			sourceTree = "<group>";
		};
		ABD3CAA82CA1AC7200438747 /* SubViews */ = {
			isa = PBXGroup;
			children = (
				ABD3CAA92CA1AC8400438747 /* ReactedPeepCell.swift */,
				ABD3CAAB2CA1B1D000438747 /* CommentedPeepCell.swift */,
				ABD3CAAD2CA1B32D00438747 /* MyProfileTabType.swift */,
				ABD3CAB32CA1BE0100438747 /* UserProfileView.swift */,
				AB468D302CA954C700C1E430 /* GenderType.swift */,
			);
			path = SubViews;
			sourceTree = "<group>";
		};
		ABD3CAB12CA1BD7C00438747 /* My */ = {
			isa = PBXGroup;
			children = (
				ABD3CAA22CA08D4C00438747 /* MyProfileView.swift */,
				ABD3CAA42CA08D6C00438747 /* MyProfileStore.swift */,
			);
			path = My;
			sourceTree = "<group>";
		};
		ABD3CAB52CA1BF2100438747 /* Others */ = {
			isa = PBXGroup;
			children = (
				ABD3CAB62CA1BF2F00438747 /* OtherProfileView.swift */,
				ABD3CAB82CA1BF3900438747 /* OtherProfileStore.swift */,
			);
			path = Others;
			sourceTree = "<group>";
		};
		ABD631BF2C97579C00AFF299 /* PeepDetail */ = {
			isa = PBXGroup;
			children = (
				ABD631C02C9757AC00AFF299 /* PeepDetailView.swift */,
				ABD631C22C9757B400AFF299 /* PeepDetailStore.swift */,
			);
			path = PeepDetail;
			sourceTree = "<group>";
		};
		ABD631C72C97610200AFF299 /* Chat */ = {
			isa = PBXGroup;
			children = (
				AB53DE562CA02BC700D8DC1F /* SubViews */,
				ABD631C52C97602500AFF299 /* ChatView.swift */,
				ABD631C82C97611100AFF299 /* ChatStore.swift */,
			);
			path = Chat;
			sourceTree = "<group>";
		};
		ABE3DB1C2CA976B30090243C /* Nickname */ = {
			isa = PBXGroup;
			children = (
				AB468D352CA9574700C1E430 /* NicknameModifyView.swift */,
			);
			path = Nickname;
			sourceTree = "<group>";
		};
		ABE3DB1D2CA976C10090243C /* Gender */ = {
			isa = PBXGroup;
			children = (
				ABE3DB1E2CA976D10090243C /* ModifyGenderView.swift */,
			);
			path = Gender;
			sourceTree = "<group>";
		};
		ABE581B12CCA6EB0003366DC /* Font */ = {
			isa = PBXGroup;
			children = (
				ABE581C92CCA9A80003366DC /* FontSystem.swift */,
				ABE581B72CCA6F00003366DC /* Pretendard-Black.ttf */,
				ABE581B22CCA6F00003366DC /* Pretendard-Bold.ttf */,
				ABE581B92CCA6F00003366DC /* Pretendard-ExtraBold.ttf */,
				ABE581B82CCA6F00003366DC /* Pretendard-ExtraLight.ttf */,
				ABE581B42CCA6F00003366DC /* Pretendard-Light.ttf */,
				ABE581B52CCA6F00003366DC /* Pretendard-Medium.ttf */,
				ABE581B62CCA6F00003366DC /* Pretendard-Regular.ttf */,
				ABE581B32CCA6F00003366DC /* Pretendard-SemiBold.ttf */,
				ABE581BA2CCA6F01003366DC /* Pretendard-Thin.ttf */,
			);
			path = Font;
			sourceTree = "<group>";
		};
		ABE8A0C62CEAE62800AFBEAE /* CoreSystem */ = {
			isa = PBXGroup;
			children = (
				ABE8A0C72CEAE62D00AFBEAE /* Typography */,
				ABE8A0C82CEAE63400AFBEAE /* Colors */,
				ABE8A0C92CEAE63900AFBEAE /* Overlay */,
			);
			path = CoreSystem;
			sourceTree = "<group>";
		};
		ABE8A0C72CEAE62D00AFBEAE /* Typography */ = {
			isa = PBXGroup;
			children = (
				ABE581C72CCA99FC003366DC /* FontModifier.swift */,
			);
			path = Typography;
			sourceTree = "<group>";
		};
		ABE8A0C82CEAE63400AFBEAE /* Colors */ = {
			isa = PBXGroup;
			children = (
				AB094DE72CC76EBE0091E9FB /* Color+Extension.swift */,
			);
			path = Colors;
			sourceTree = "<group>";
		};
		ABE8A0C92CEAE63900AFBEAE /* Overlay */ = {
			isa = PBXGroup;
			children = (
				ABE8A0C42CEAE61800AFBEAE /* ThumbnailLayer.swift */,
				ABE8A0CA2CEAEAB100AFBEAE /* BackMapLayer.swift */,
				ABDD3EC72CEB867C00A60C01 /* BackImageLayer.swift */,
			);
			path = Overlay;
			sourceTree = "<group>";
		};
		ABF72EAF2CBE5FC100629E9C /* Edit */ = {
			isa = PBXGroup;
			children = (
				AB71E1D72CBE3F3B00D2D3D9 /* StickerItem.swift */,
				ABF72EB02CBE5FD500629E9C /* TextItem.swift */,
			);
			path = Edit;
			sourceTree = "<group>";
		};
/* End PBXGroup section */

/* Begin PBXNativeTarget section */
		ABC305C52C932341003B00FE /* PeepIt */ = {
			isa = PBXNativeTarget;
			buildConfigurationList = ABC305D42C932342003B00FE /* Build configuration list for PBXNativeTarget "PeepIt" */;
			buildPhases = (
				ABC305C22C932341003B00FE /* Sources */,
				ABC305C32C932341003B00FE /* Frameworks */,
				ABC305C42C932341003B00FE /* Resources */,
			);
			buildRules = (
			);
			dependencies = (
			);
			name = PeepIt;
			packageProductDependencies = (
				ABC305DC2C9328B1003B00FE /* ComposableArchitecture */,
			);
			productName = PeepIt;
			productReference = ABC305C62C932341003B00FE /* PeepIt.app */;
			productType = "com.apple.product-type.application";
		};
/* End PBXNativeTarget section */

/* Begin PBXProject section */
		ABC305BE2C932341003B00FE /* Project object */ = {
			isa = PBXProject;
			attributes = {
				BuildIndependentTargetsInParallel = 1;
				LastSwiftUpdateCheck = 1540;
				LastUpgradeCheck = 1540;
				TargetAttributes = {
					ABC305C52C932341003B00FE = {
						CreatedOnToolsVersion = 15.4;
					};
				};
			};
			buildConfigurationList = ABC305C12C932341003B00FE /* Build configuration list for PBXProject "PeepIt" */;
			compatibilityVersion = "Xcode 14.0";
			developmentRegion = en;
			hasScannedForEncodings = 0;
			knownRegions = (
				en,
				Base,
			);
			mainGroup = ABC305BD2C932341003B00FE;
			packageReferences = (
				ABC305DB2C9328B1003B00FE /* XCRemoteSwiftPackageReference "swift-composable-architecture" */,
			);
			productRefGroup = ABC305C72C932341003B00FE /* Products */;
			projectDirPath = "";
			projectRoot = "";
			targets = (
				ABC305C52C932341003B00FE /* PeepIt */,
			);
		};
/* End PBXProject section */

/* Begin PBXResourcesBuildPhase section */
		ABC305C42C932341003B00FE /* Resources */ = {
			isa = PBXResourcesBuildPhase;
			buildActionMask = 2147483647;
			files = (
				ABE581BC2CCA6F01003366DC /* Pretendard-SemiBold.ttf in Resources */,
				ABE581BF2CCA6F01003366DC /* Pretendard-Regular.ttf in Resources */,
				ABC305D12C932342003B00FE /* Preview Assets.xcassets in Resources */,
				ABE581C02CCA6F01003366DC /* Pretendard-Black.ttf in Resources */,
				ABE581BE2CCA6F01003366DC /* Pretendard-Medium.ttf in Resources */,
				ABE581BB2CCA6F01003366DC /* Pretendard-Bold.ttf in Resources */,
				ABE581C12CCA6F01003366DC /* Pretendard-ExtraLight.ttf in Resources */,
				ABE581C22CCA6F01003366DC /* Pretendard-ExtraBold.ttf in Resources */,
				ABE581C32CCA6F01003366DC /* Pretendard-Thin.ttf in Resources */,
				ABE581BD2CCA6F01003366DC /* Pretendard-Light.ttf in Resources */,
				ABC305CE2C932342003B00FE /* Assets.xcassets in Resources */,
			);
			runOnlyForDeploymentPostprocessing = 0;
		};
/* End PBXResourcesBuildPhase section */

/* Begin PBXSourcesBuildPhase section */
		ABC305C22C932341003B00FE /* Sources */ = {
			isa = PBXSourcesBuildPhase;
			buildActionMask = 2147483647;
			files = (
				ABC305F12C95A4D1003B00FE /* PeepPreview.swift in Sources */,
				ABF72EB32CBE625400629E9C /* DraggableText.swift in Sources */,
				ABD3CAAE2CA1B32D00438747 /* MyProfileTabType.swift in Sources */,
				AB468D0D2CA8821600C1E430 /* SettingStore.swift in Sources */,
				ABB96D252CD344D2003C6742 /* CheckEnterField.swift in Sources */,
				ABC305CC2C932341003B00FE /* HomeView.swift in Sources */,
				ABD631C62C97602500AFF299 /* ChatView.swift in Sources */,
				AB5159832CAAFCA40043AA0A /* LoginType.swift in Sources */,
				AB71E1CA2CBC065E00D2D3D9 /* EditStore.swift in Sources */,
				ABD3CAA52CA08D6C00438747 /* MyProfileStore.swift in Sources */,
				ABD3CAB42CA1BE0100438747 /* UserProfileView.swift in Sources */,
				ABC171EF2CAB193F00370901 /* TermView.swift in Sources */,
				AB26A8252CB2DF26007D432E /* InputIdStore.swift in Sources */,
				AB71E1C82CBC065600D2D3D9 /* EditView.swift in Sources */,
				ABDD3EC82CEB867C00A60C01 /* BackImageLayer.swift in Sources */,
				ABC171F12CAB198100370901 /* NicknameView.swift in Sources */,
				AB469C732C9FF7F000DC7B8A /* SideMenuStore.swift in Sources */,
				ABC305F32C95A567003B00FE /* UserProfile.swift in Sources */,
				ABB444992CA8452900C1EE67 /* RootStore.swift in Sources */,
				ABC171F82CAB19E200370901 /* TermStore.swift in Sources */,
				AB5159762CA97A320043AA0A /* MainGrayButtonStyle.swift in Sources */,
				ABD631C92C97611100AFF299 /* ChatStore.swift in Sources */,
				ABC701322CE6E069004DCFF1 /* MainLimeButtonStyle.swift in Sources */,
				AB53DE582CA02BD600D8DC1F /* ChatBubbleView.swift in Sources */,
				ABC305E42C933A63003B00FE /* PeepPreviewModalView.swift in Sources */,
				AB53DE512CA00FDC00D8DC1F /* Constant.swift in Sources */,
				AB468D162CA9401600C1E430 /* TownPeepsStore.swift in Sources */,
				AB094DE32CC6266C0091E9FB /* SliderStore.swift in Sources */,
				AB468D2B2CA94A2E00C1E430 /* ProfileModifyStore.swift in Sources */,
				AB468D252CA943CA00C1E430 /* CameraStore.swift in Sources */,
				ABF8E2EF2CD237780096A7EF /* UINavigationController+Extension.swift in Sources */,
				ABE3DB1F2CA976D10090243C /* ModifyGenderView.swift in Sources */,
				ABE581CA2CCA9A80003366DC /* FontSystem.swift in Sources */,
				AB468D182CA9403700C1E430 /* TownPeepsView.swift in Sources */,
				ABD3CAA32CA08D4C00438747 /* MyProfileView.swift in Sources */,
				AB468D272CA943E500C1E430 /* CameraView.swift in Sources */,
				AB71E1CF2CBC06D800D2D3D9 /* WriteStore.swift in Sources */,
				ABC171F32CAB198C00370901 /* AuthenticationView.swift in Sources */,
				AB469C712C9FED6C00DC7B8A /* SideMenuView.swift in Sources */,
				ABC305E92C933F08003B00FE /* ClearBackgroundViewModifier.swift in Sources */,
				ABA9A2E22CCE932900AA605B /* Adjusted.swift in Sources */,
				AB53DE5A2CA02D1F00D8DC1F /* ChatType.swift in Sources */,
				AB26A8232CB2DE59007D432E /* InputIdView.swift in Sources */,
				AB26A8292CB2ED99007D432E /* ProfileInfoStore.swift in Sources */,
				ABD3CAAA2CA1AC8400438747 /* ReactedPeepCell.swift in Sources */,
				ABF72EB12CBE5FD500629E9C /* TextItem.swift in Sources */,
				AB468D0B2CA8820A00C1E430 /* SettingView.swift in Sources */,
				AB71E1D82CBE3F3B00D2D3D9 /* StickerItem.swift in Sources */,
				ABC171FA2CAB19FA00370901 /* NicknameStore.swift in Sources */,
				AB71E1CD2CBC06D000D2D3D9 /* WriteView.swift in Sources */,
				ABC171F52CAB199300370901 /* WelcomeView.swift in Sources */,
				AB094DE12CC6257A0091E9FB /* SliderView.swift in Sources */,
				ABEBFD842CEF550C00E392F3 /* HotLabel.swift in Sources */,
				AB468D1B2CA941F600C1E430 /* NotificationStore.swift in Sources */,
				AB094DE82CC76EBE0091E9FB /* Color+Extension.swift in Sources */,
				AB5159812CAAFA730043AA0A /* LoginStore.swift in Sources */,
				ABC171FE2CAB1A2500370901 /* WelcomeStore.swift in Sources */,
				ABC171FC2CAB1A0800370901 /* AuthenticationStore.swift in Sources */,
				ABD3CAB72CA1BF2F00438747 /* OtherProfileView.swift in Sources */,
				ABCC50E12CEF8F23004AD297 /* BackButton.swift in Sources */,
				ABE8A0C32CEAE61000AFBEAE /* DropShadowModifier.swift in Sources */,
				ABD3CAB92CA1BF3900438747 /* OtherProfileStore.swift in Sources */,
				ABE8A0CD2CEAEFF100AFBEAE /* PressableButtonStyle.swift in Sources */,
				AB26A8272CB2ED90007D432E /* ProfileInfoView.swift in Sources */,
				ABB9218F2CEC661D00AD0C81 /* Announce.swift in Sources */,
				AB51597F2CAAFA670043AA0A /* LoginView.swift in Sources */,
				ABE8A0CB2CEAEAB100AFBEAE /* BackMapLayer.swift in Sources */,
				ABD631C32C9757B400AFF299 /* PeepDetailStore.swift in Sources */,
				AB468D1D2CA9420800C1E430 /* NotificationView.swift in Sources */,
				AB468D202CA9428700C1E430 /* AnnounceStore.swift in Sources */,
				ABE8A0C52CEAE61800AFBEAE /* ThumbnailLayer.swift in Sources */,
				AB468D362CA9574700C1E430 /* NicknameModifyView.swift in Sources */,
				ABE581C82CCA99FC003366DC /* FontModifier.swift in Sources */,
				AB8A25862CD7EC1A0007A7A8 /* String+Extension.swift in Sources */,
				AB71E1D22CBC245C00D2D3D9 /* StickerModalStore.swift in Sources */,
				ABC305DF2C93345D003B00FE /* HomeStore.swift in Sources */,
				AB468D2D2CA94A5400C1E430 /* ProfileModifyView.swift in Sources */,
				AB468D132CA93F7D00C1E430 /* SideMenuType.swift in Sources */,
				ABADBBEA2CEC8205005A9639 /* AnnounceModalView.swift in Sources */,
				AB26A8212CB2D3D4007D432E /* TermType.swift in Sources */,
				AB468D312CA954C700C1E430 /* GenderType.swift in Sources */,
				AB0778202CE730AA00E4F226 /* EnterAuthCodeView.swift in Sources */,
				AB53DE552CA0289A00D8DC1F /* Chat.swift in Sources */,
				ABC305CA2C932341003B00FE /* PeepItApp.swift in Sources */,
				AB71E1D62CBE3AD000D2D3D9 /* DraggableSticker.swift in Sources */,
				ABD3CAAC2CA1B1D000438747 /* CommentedPeepCell.swift in Sources */,
				AB6B525B2CD7D9D200BDC985 /* LaunchScreen.swift in Sources */,
				ABD3CAA72CA098EE00438747 /* MyActivityPeep.swift in Sources */,
				AB468D222CA9429600C1E430 /* AnnounceView.swift in Sources */,
				AB07781E2CE7307E00E4F226 /* EnterAuthCodeStore.swift in Sources */,
				AB6B52582CD3478A00BDC985 /* CheckEnterFieldStore.swift in Sources */,
				ABB444962CA8451900C1EE67 /* RootView.swift in Sources */,
				AB71E1D42CBC254600D2D3D9 /* StickerModalView.swift in Sources */,
				ABB96D232CD25188003C6742 /* NavigationBar.swift in Sources */,
				AB53DE532CA0123D00D8DC1F /* PeepModalStore.swift in Sources */,
				ABD631C12C9757AC00AFF299 /* PeepDetailView.swift in Sources */,
				ABD3CAB02CA1B52000438747 /* Peep.swift in Sources */,
			);
			runOnlyForDeploymentPostprocessing = 0;
		};
/* End PBXSourcesBuildPhase section */

/* Begin XCBuildConfiguration section */
		ABC305D22C932342003B00FE /* Debug */ = {
			isa = XCBuildConfiguration;
			buildSettings = {
				ALWAYS_SEARCH_USER_PATHS = NO;
				ASSETCATALOG_COMPILER_GENERATE_SWIFT_ASSET_SYMBOL_EXTENSIONS = YES;
				CLANG_ANALYZER_NONNULL = YES;
				CLANG_ANALYZER_NUMBER_OBJECT_CONVERSION = YES_AGGRESSIVE;
				CLANG_CXX_LANGUAGE_STANDARD = "gnu++20";
				CLANG_ENABLE_MODULES = YES;
				CLANG_ENABLE_OBJC_ARC = YES;
				CLANG_ENABLE_OBJC_WEAK = YES;
				CLANG_WARN_BLOCK_CAPTURE_AUTORELEASING = YES;
				CLANG_WARN_BOOL_CONVERSION = YES;
				CLANG_WARN_COMMA = YES;
				CLANG_WARN_CONSTANT_CONVERSION = YES;
				CLANG_WARN_DEPRECATED_OBJC_IMPLEMENTATIONS = YES;
				CLANG_WARN_DIRECT_OBJC_ISA_USAGE = YES_ERROR;
				CLANG_WARN_DOCUMENTATION_COMMENTS = YES;
				CLANG_WARN_EMPTY_BODY = YES;
				CLANG_WARN_ENUM_CONVERSION = YES;
				CLANG_WARN_INFINITE_RECURSION = YES;
				CLANG_WARN_INT_CONVERSION = YES;
				CLANG_WARN_NON_LITERAL_NULL_CONVERSION = YES;
				CLANG_WARN_OBJC_IMPLICIT_RETAIN_SELF = YES;
				CLANG_WARN_OBJC_LITERAL_CONVERSION = YES;
				CLANG_WARN_OBJC_ROOT_CLASS = YES_ERROR;
				CLANG_WARN_QUOTED_INCLUDE_IN_FRAMEWORK_HEADER = YES;
				CLANG_WARN_RANGE_LOOP_ANALYSIS = YES;
				CLANG_WARN_STRICT_PROTOTYPES = YES;
				CLANG_WARN_SUSPICIOUS_MOVE = YES;
				CLANG_WARN_UNGUARDED_AVAILABILITY = YES_AGGRESSIVE;
				CLANG_WARN_UNREACHABLE_CODE = YES;
				CLANG_WARN__DUPLICATE_METHOD_MATCH = YES;
				COPY_PHASE_STRIP = NO;
				DEBUG_INFORMATION_FORMAT = dwarf;
				ENABLE_STRICT_OBJC_MSGSEND = YES;
				ENABLE_TESTABILITY = YES;
				ENABLE_USER_SCRIPT_SANDBOXING = YES;
				GCC_C_LANGUAGE_STANDARD = gnu17;
				GCC_DYNAMIC_NO_PIC = NO;
				GCC_NO_COMMON_BLOCKS = YES;
				GCC_OPTIMIZATION_LEVEL = 0;
				GCC_PREPROCESSOR_DEFINITIONS = (
					"DEBUG=1",
					"$(inherited)",
				);
				GCC_WARN_64_TO_32_BIT_CONVERSION = YES;
				GCC_WARN_ABOUT_RETURN_TYPE = YES_ERROR;
				GCC_WARN_UNDECLARED_SELECTOR = YES;
				GCC_WARN_UNINITIALIZED_AUTOS = YES_AGGRESSIVE;
				GCC_WARN_UNUSED_FUNCTION = YES;
				GCC_WARN_UNUSED_VARIABLE = YES;
				IPHONEOS_DEPLOYMENT_TARGET = 16.0;
				LOCALIZATION_PREFERS_STRING_CATALOGS = YES;
				MTL_ENABLE_DEBUG_INFO = INCLUDE_SOURCE;
				MTL_FAST_MATH = YES;
				ONLY_ACTIVE_ARCH = YES;
				SDKROOT = iphoneos;
				SWIFT_ACTIVE_COMPILATION_CONDITIONS = "DEBUG $(inherited)";
				SWIFT_OPTIMIZATION_LEVEL = "-Onone";
			};
			name = Debug;
		};
		ABC305D32C932342003B00FE /* Release */ = {
			isa = XCBuildConfiguration;
			buildSettings = {
				ALWAYS_SEARCH_USER_PATHS = NO;
				ASSETCATALOG_COMPILER_GENERATE_SWIFT_ASSET_SYMBOL_EXTENSIONS = YES;
				CLANG_ANALYZER_NONNULL = YES;
				CLANG_ANALYZER_NUMBER_OBJECT_CONVERSION = YES_AGGRESSIVE;
				CLANG_CXX_LANGUAGE_STANDARD = "gnu++20";
				CLANG_ENABLE_MODULES = YES;
				CLANG_ENABLE_OBJC_ARC = YES;
				CLANG_ENABLE_OBJC_WEAK = YES;
				CLANG_WARN_BLOCK_CAPTURE_AUTORELEASING = YES;
				CLANG_WARN_BOOL_CONVERSION = YES;
				CLANG_WARN_COMMA = YES;
				CLANG_WARN_CONSTANT_CONVERSION = YES;
				CLANG_WARN_DEPRECATED_OBJC_IMPLEMENTATIONS = YES;
				CLANG_WARN_DIRECT_OBJC_ISA_USAGE = YES_ERROR;
				CLANG_WARN_DOCUMENTATION_COMMENTS = YES;
				CLANG_WARN_EMPTY_BODY = YES;
				CLANG_WARN_ENUM_CONVERSION = YES;
				CLANG_WARN_INFINITE_RECURSION = YES;
				CLANG_WARN_INT_CONVERSION = YES;
				CLANG_WARN_NON_LITERAL_NULL_CONVERSION = YES;
				CLANG_WARN_OBJC_IMPLICIT_RETAIN_SELF = YES;
				CLANG_WARN_OBJC_LITERAL_CONVERSION = YES;
				CLANG_WARN_OBJC_ROOT_CLASS = YES_ERROR;
				CLANG_WARN_QUOTED_INCLUDE_IN_FRAMEWORK_HEADER = YES;
				CLANG_WARN_RANGE_LOOP_ANALYSIS = YES;
				CLANG_WARN_STRICT_PROTOTYPES = YES;
				CLANG_WARN_SUSPICIOUS_MOVE = YES;
				CLANG_WARN_UNGUARDED_AVAILABILITY = YES_AGGRESSIVE;
				CLANG_WARN_UNREACHABLE_CODE = YES;
				CLANG_WARN__DUPLICATE_METHOD_MATCH = YES;
				COPY_PHASE_STRIP = NO;
				DEBUG_INFORMATION_FORMAT = "dwarf-with-dsym";
				ENABLE_NS_ASSERTIONS = NO;
				ENABLE_STRICT_OBJC_MSGSEND = YES;
				ENABLE_USER_SCRIPT_SANDBOXING = YES;
				GCC_C_LANGUAGE_STANDARD = gnu17;
				GCC_NO_COMMON_BLOCKS = YES;
				GCC_WARN_64_TO_32_BIT_CONVERSION = YES;
				GCC_WARN_ABOUT_RETURN_TYPE = YES_ERROR;
				GCC_WARN_UNDECLARED_SELECTOR = YES;
				GCC_WARN_UNINITIALIZED_AUTOS = YES_AGGRESSIVE;
				GCC_WARN_UNUSED_FUNCTION = YES;
				GCC_WARN_UNUSED_VARIABLE = YES;
				IPHONEOS_DEPLOYMENT_TARGET = 16.0;
				LOCALIZATION_PREFERS_STRING_CATALOGS = YES;
				MTL_ENABLE_DEBUG_INFO = NO;
				MTL_FAST_MATH = YES;
				SDKROOT = iphoneos;
				SWIFT_COMPILATION_MODE = wholemodule;
				VALIDATE_PRODUCT = YES;
			};
			name = Release;
		};
		ABC305D52C932342003B00FE /* Debug */ = {
			isa = XCBuildConfiguration;
			buildSettings = {
				ASSETCATALOG_COMPILER_APPICON_NAME = AppIcon;
				ASSETCATALOG_COMPILER_GLOBAL_ACCENT_COLOR_NAME = AccentColor;
				CODE_SIGN_STYLE = Automatic;
				CURRENT_PROJECT_VERSION = 1;
				DEVELOPMENT_ASSET_PATHS = "\"PeepIt/Resources/Preview Content\"";
				DEVELOPMENT_TEAM = BTX96P3YD4;
				ENABLE_PREVIEWS = YES;
				GENERATE_INFOPLIST_FILE = YES;
				INFOPLIST_FILE = PeepIt/Info.plist;
				INFOPLIST_KEY_UIApplicationSceneManifest_Generation = YES;
				INFOPLIST_KEY_UIApplicationSupportsIndirectInputEvents = YES;
				INFOPLIST_KEY_UILaunchScreen_Generation = YES;
				INFOPLIST_KEY_UISupportedInterfaceOrientations_iPad = "UIInterfaceOrientationPortrait UIInterfaceOrientationPortraitUpsideDown UIInterfaceOrientationLandscapeLeft UIInterfaceOrientationLandscapeRight";
				INFOPLIST_KEY_UISupportedInterfaceOrientations_iPhone = "UIInterfaceOrientationPortrait UIInterfaceOrientationLandscapeLeft UIInterfaceOrientationLandscapeRight";
				INFOPLIST_KEY_UIUserInterfaceStyle = Dark;
				LD_RUNPATH_SEARCH_PATHS = (
					"$(inherited)",
					"@executable_path/Frameworks",
				);
				MARKETING_VERSION = 1.0;
				PRODUCT_BUNDLE_IDENTIFIER = min.PeepIt;
				PRODUCT_NAME = "$(TARGET_NAME)";
				SWIFT_EMIT_LOC_STRINGS = YES;
				SWIFT_VERSION = 5.0;
				TARGETED_DEVICE_FAMILY = "1,2";
			};
			name = Debug;
		};
		ABC305D62C932342003B00FE /* Release */ = {
			isa = XCBuildConfiguration;
			buildSettings = {
				ASSETCATALOG_COMPILER_APPICON_NAME = AppIcon;
				ASSETCATALOG_COMPILER_GLOBAL_ACCENT_COLOR_NAME = AccentColor;
				CODE_SIGN_STYLE = Automatic;
				CURRENT_PROJECT_VERSION = 1;
				DEVELOPMENT_ASSET_PATHS = "\"PeepIt/Resources/Preview Content\"";
				DEVELOPMENT_TEAM = BTX96P3YD4;
				ENABLE_PREVIEWS = YES;
				GENERATE_INFOPLIST_FILE = YES;
				INFOPLIST_FILE = PeepIt/Info.plist;
				INFOPLIST_KEY_UIApplicationSceneManifest_Generation = YES;
				INFOPLIST_KEY_UIApplicationSupportsIndirectInputEvents = YES;
				INFOPLIST_KEY_UILaunchScreen_Generation = YES;
				INFOPLIST_KEY_UISupportedInterfaceOrientations_iPad = "UIInterfaceOrientationPortrait UIInterfaceOrientationPortraitUpsideDown UIInterfaceOrientationLandscapeLeft UIInterfaceOrientationLandscapeRight";
				INFOPLIST_KEY_UISupportedInterfaceOrientations_iPhone = "UIInterfaceOrientationPortrait UIInterfaceOrientationLandscapeLeft UIInterfaceOrientationLandscapeRight";
				INFOPLIST_KEY_UIUserInterfaceStyle = Dark;
				LD_RUNPATH_SEARCH_PATHS = (
					"$(inherited)",
					"@executable_path/Frameworks",
				);
				MARKETING_VERSION = 1.0;
				PRODUCT_BUNDLE_IDENTIFIER = min.PeepIt;
				PRODUCT_NAME = "$(TARGET_NAME)";
				SWIFT_EMIT_LOC_STRINGS = YES;
				SWIFT_VERSION = 5.0;
				TARGETED_DEVICE_FAMILY = "1,2";
			};
			name = Release;
		};
/* End XCBuildConfiguration section */

/* Begin XCConfigurationList section */
		ABC305C12C932341003B00FE /* Build configuration list for PBXProject "PeepIt" */ = {
			isa = XCConfigurationList;
			buildConfigurations = (
				ABC305D22C932342003B00FE /* Debug */,
				ABC305D32C932342003B00FE /* Release */,
			);
			defaultConfigurationIsVisible = 0;
			defaultConfigurationName = Release;
		};
		ABC305D42C932342003B00FE /* Build configuration list for PBXNativeTarget "PeepIt" */ = {
			isa = XCConfigurationList;
			buildConfigurations = (
				ABC305D52C932342003B00FE /* Debug */,
				ABC305D62C932342003B00FE /* Release */,
			);
			defaultConfigurationIsVisible = 0;
			defaultConfigurationName = Release;
		};
/* End XCConfigurationList section */

/* Begin XCRemoteSwiftPackageReference section */
		ABC305DB2C9328B1003B00FE /* XCRemoteSwiftPackageReference "swift-composable-architecture" */ = {
			isa = XCRemoteSwiftPackageReference;
			repositoryURL = "https://github.com/pointfreeco/swift-composable-architecture.git";
			requirement = {
				kind = upToNextMajorVersion;
				minimumVersion = 1.14.0;
			};
		};
/* End XCRemoteSwiftPackageReference section */

/* Begin XCSwiftPackageProductDependency section */
		ABC305DC2C9328B1003B00FE /* ComposableArchitecture */ = {
			isa = XCSwiftPackageProductDependency;
			package = ABC305DB2C9328B1003B00FE /* XCRemoteSwiftPackageReference "swift-composable-architecture" */;
			productName = ComposableArchitecture;
		};
/* End XCSwiftPackageProductDependency section */
	};
	rootObject = ABC305BE2C932341003B00FE /* Project object */;
}
