// !$*UTF8*$!
{
	archiveVersion = 1;
	classes = {
	};
	objectVersion = 56;
	objects = {

/* Begin PBXBuildFile section */
		ABC305CA2C932341003B00FE /* PeepItApp.swift in Sources */ = {isa = PBXBuildFile; fileRef = ABC305C92C932341003B00FE /* PeepItApp.swift */; };
		ABC305CC2C932341003B00FE /* HomeView.swift in Sources */ = {isa = PBXBuildFile; fileRef = ABC305CB2C932341003B00FE /* HomeView.swift */; };
		ABC305CE2C932342003B00FE /* Assets.xcassets in Resources */ = {isa = PBXBuildFile; fileRef = ABC305CD2C932342003B00FE /* Assets.xcassets */; };
		ABC305D12C932342003B00FE /* Preview Assets.xcassets in Resources */ = {isa = PBXBuildFile; fileRef = ABC305D02C932342003B00FE /* Preview Assets.xcassets */; };
		ABC305DD2C9328B1003B00FE /* ComposableArchitecture in Frameworks */ = {isa = PBXBuildFile; productRef = ABC305DC2C9328B1003B00FE /* ComposableArchitecture */; };
		ABC305DF2C93345D003B00FE /* HomeStore.swift in Sources */ = {isa = PBXBuildFile; fileRef = ABC305DE2C93345D003B00FE /* HomeStore.swift */; };
		ABC305E42C933A63003B00FE /* PeepPreviewModalView.swift in Sources */ = {isa = PBXBuildFile; fileRef = ABC305E32C933A63003B00FE /* PeepPreviewModalView.swift */; };
		ABC305E92C933F08003B00FE /* ClearBackgroundView.swift in Sources */ = {isa = PBXBuildFile; fileRef = ABC305E82C933F08003B00FE /* ClearBackgroundView.swift */; };
/* End PBXBuildFile section */

/* Begin PBXFileReference section */
		ABC305C62C932341003B00FE /* PeepIt.app */ = {isa = PBXFileReference; explicitFileType = wrapper.application; includeInIndex = 0; path = PeepIt.app; sourceTree = BUILT_PRODUCTS_DIR; };
		ABC305C92C932341003B00FE /* PeepItApp.swift */ = {isa = PBXFileReference; lastKnownFileType = sourcecode.swift; path = PeepItApp.swift; sourceTree = "<group>"; };
		ABC305CB2C932341003B00FE /* HomeView.swift */ = {isa = PBXFileReference; lastKnownFileType = sourcecode.swift; path = HomeView.swift; sourceTree = "<group>"; };
		ABC305CD2C932342003B00FE /* Assets.xcassets */ = {isa = PBXFileReference; lastKnownFileType = folder.assetcatalog; path = Assets.xcassets; sourceTree = "<group>"; };
		ABC305D02C932342003B00FE /* Preview Assets.xcassets */ = {isa = PBXFileReference; lastKnownFileType = folder.assetcatalog; path = "Preview Assets.xcassets"; sourceTree = "<group>"; };
		ABC305DE2C93345D003B00FE /* HomeStore.swift */ = {isa = PBXFileReference; lastKnownFileType = sourcecode.swift; path = HomeStore.swift; sourceTree = "<group>"; };
		ABC305E32C933A63003B00FE /* PeepPreviewModalView.swift */ = {isa = PBXFileReference; lastKnownFileType = sourcecode.swift; path = PeepPreviewModalView.swift; sourceTree = "<group>"; };
		ABC305E82C933F08003B00FE /* ClearBackgroundView.swift */ = {isa = PBXFileReference; lastKnownFileType = sourcecode.swift; path = ClearBackgroundView.swift; sourceTree = "<group>"; };
/* End PBXFileReference section */

/* Begin PBXFrameworksBuildPhase section */
		ABC305C32C932341003B00FE /* Frameworks */ = {
			isa = PBXFrameworksBuildPhase;
			buildActionMask = 2147483647;
			files = (
				ABC305DD2C9328B1003B00FE /* ComposableArchitecture in Frameworks */,
			);
			runOnlyForDeploymentPostprocessing = 0;
		};
/* End PBXFrameworksBuildPhase section */

/* Begin PBXGroup section */
		ABC305BD2C932341003B00FE = {
			isa = PBXGroup;
			children = (
				ABC305C82C932341003B00FE /* PeepIt */,
				ABC305C72C932341003B00FE /* Products */,
			);
			sourceTree = "<group>";
		};
		ABC305C72C932341003B00FE /* Products */ = {
			isa = PBXGroup;
			children = (
				ABC305C62C932341003B00FE /* PeepIt.app */,
			);
			name = Products;
			sourceTree = "<group>";
		};
		ABC305C82C932341003B00FE /* PeepIt */ = {
			isa = PBXGroup;
			children = (
				ABC305D72C9324CC003B00FE /* Features */,
				ABC305E72C933EF3003B00FE /* Components */,
				ABC305DA2C932514003B00FE /* Resources */,
				ABC305C92C932341003B00FE /* PeepItApp.swift */,
			);
			path = PeepIt;
			sourceTree = "<group>";
		};
		ABC305CF2C932342003B00FE /* Preview Content */ = {
			isa = PBXGroup;
			children = (
				ABC305D02C932342003B00FE /* Preview Assets.xcassets */,
			);
			path = "Preview Content";
			sourceTree = "<group>";
		};
		ABC305D72C9324CC003B00FE /* Features */ = {
			isa = PBXGroup;
			children = (
				ABC305D82C9324E2003B00FE /* Home */,
				ABC305E02C933A45003B00FE /* PeepPreview */,
			);
			path = Features;
			sourceTree = "<group>";
		};
		ABC305D82C9324E2003B00FE /* Home */ = {
			isa = PBXGroup;
			children = (
				ABC305CB2C932341003B00FE /* HomeView.swift */,
				ABC305DE2C93345D003B00FE /* HomeStore.swift */,
			);
			path = Home;
			sourceTree = "<group>";
		};
		ABC305DA2C932514003B00FE /* Resources */ = {
			isa = PBXGroup;
			children = (
				ABC305CD2C932342003B00FE /* Assets.xcassets */,
				ABC305CF2C932342003B00FE /* Preview Content */,
			);
			path = Resources;
			sourceTree = "<group>";
		};
		ABC305E02C933A45003B00FE /* PeepPreview */ = {
			isa = PBXGroup;
			children = (
				ABC305E32C933A63003B00FE /* PeepPreviewModalView.swift */,
			);
			path = PeepPreview;
			sourceTree = "<group>";
		};
		ABC305E72C933EF3003B00FE /* Components */ = {
			isa = PBXGroup;
			children = (
				ABC305E82C933F08003B00FE /* ClearBackgroundView.swift */,
			);
			path = Components;
			sourceTree = "<group>";
		};
/* End PBXGroup section */

/* Begin PBXNativeTarget section */
		ABC305C52C932341003B00FE /* PeepIt */ = {
			isa = PBXNativeTarget;
			buildConfigurationList = ABC305D42C932342003B00FE /* Build configuration list for PBXNativeTarget "PeepIt" */;
			buildPhases = (
				ABC305C22C932341003B00FE /* Sources */,
				ABC305C32C932341003B00FE /* Frameworks */,
				ABC305C42C932341003B00FE /* Resources */,
			);
			buildRules = (
			);
			dependencies = (
			);
			name = PeepIt;
			packageProductDependencies = (
				ABC305DC2C9328B1003B00FE /* ComposableArchitecture */,
			);
			productName = PeepIt;
			productReference = ABC305C62C932341003B00FE /* PeepIt.app */;
			productType = "com.apple.product-type.application";
		};
/* End PBXNativeTarget section */

/* Begin PBXProject section */
		ABC305BE2C932341003B00FE /* Project object */ = {
			isa = PBXProject;
			attributes = {
				BuildIndependentTargetsInParallel = 1;
				LastSwiftUpdateCheck = 1540;
				LastUpgradeCheck = 1540;
				TargetAttributes = {
					ABC305C52C932341003B00FE = {
						CreatedOnToolsVersion = 15.4;
					};
				};
			};
			buildConfigurationList = ABC305C12C932341003B00FE /* Build configuration list for PBXProject "PeepIt" */;
			compatibilityVersion = "Xcode 14.0";
			developmentRegion = en;
			hasScannedForEncodings = 0;
			knownRegions = (
				en,
				Base,
			);
			mainGroup = ABC305BD2C932341003B00FE;
			packageReferences = (
				ABC305DB2C9328B1003B00FE /* XCRemoteSwiftPackageReference "swift-composable-architecture" */,
			);
			productRefGroup = ABC305C72C932341003B00FE /* Products */;
			projectDirPath = "";
			projectRoot = "";
			targets = (
				ABC305C52C932341003B00FE /* PeepIt */,
			);
		};
/* End PBXProject section */

/* Begin PBXResourcesBuildPhase section */
		ABC305C42C932341003B00FE /* Resources */ = {
			isa = PBXResourcesBuildPhase;
			buildActionMask = 2147483647;
			files = (
				ABC305D12C932342003B00FE /* Preview Assets.xcassets in Resources */,
				ABC305CE2C932342003B00FE /* Assets.xcassets in Resources */,
			);
			runOnlyForDeploymentPostprocessing = 0;
		};
/* End PBXResourcesBuildPhase section */

/* Begin PBXSourcesBuildPhase section */
		ABC305C22C932341003B00FE /* Sources */ = {
			isa = PBXSourcesBuildPhase;
			buildActionMask = 2147483647;
			files = (
				ABC305CC2C932341003B00FE /* HomeView.swift in Sources */,
				ABC305E42C933A63003B00FE /* PeepPreviewModalView.swift in Sources */,
				ABC305E92C933F08003B00FE /* ClearBackgroundView.swift in Sources */,
				ABC305DF2C93345D003B00FE /* HomeStore.swift in Sources */,
				ABC305CA2C932341003B00FE /* PeepItApp.swift in Sources */,
			);
			runOnlyForDeploymentPostprocessing = 0;
		};
/* End PBXSourcesBuildPhase section */

/* Begin XCBuildConfiguration section */
		ABC305D22C932342003B00FE /* Debug */ = {
			isa = XCBuildConfiguration;
			buildSettings = {
				ALWAYS_SEARCH_USER_PATHS = NO;
				ASSETCATALOG_COMPILER_GENERATE_SWIFT_ASSET_SYMBOL_EXTENSIONS = YES;
				CLANG_ANALYZER_NONNULL = YES;
				CLANG_ANALYZER_NUMBER_OBJECT_CONVERSION = YES_AGGRESSIVE;
				CLANG_CXX_LANGUAGE_STANDARD = "gnu++20";
				CLANG_ENABLE_MODULES = YES;
				CLANG_ENABLE_OBJC_ARC = YES;
				CLANG_ENABLE_OBJC_WEAK = YES;
				CLANG_WARN_BLOCK_CAPTURE_AUTORELEASING = YES;
				CLANG_WARN_BOOL_CONVERSION = YES;
				CLANG_WARN_COMMA = YES;
				CLANG_WARN_CONSTANT_CONVERSION = YES;
				CLANG_WARN_DEPRECATED_OBJC_IMPLEMENTATIONS = YES;
				CLANG_WARN_DIRECT_OBJC_ISA_USAGE = YES_ERROR;
				CLANG_WARN_DOCUMENTATION_COMMENTS = YES;
				CLANG_WARN_EMPTY_BODY = YES;
				CLANG_WARN_ENUM_CONVERSION = YES;
				CLANG_WARN_INFINITE_RECURSION = YES;
				CLANG_WARN_INT_CONVERSION = YES;
				CLANG_WARN_NON_LITERAL_NULL_CONVERSION = YES;
				CLANG_WARN_OBJC_IMPLICIT_RETAIN_SELF = YES;
				CLANG_WARN_OBJC_LITERAL_CONVERSION = YES;
				CLANG_WARN_OBJC_ROOT_CLASS = YES_ERROR;
				CLANG_WARN_QUOTED_INCLUDE_IN_FRAMEWORK_HEADER = YES;
				CLANG_WARN_RANGE_LOOP_ANALYSIS = YES;
				CLANG_WARN_STRICT_PROTOTYPES = YES;
				CLANG_WARN_SUSPICIOUS_MOVE = YES;
				CLANG_WARN_UNGUARDED_AVAILABILITY = YES_AGGRESSIVE;
				CLANG_WARN_UNREACHABLE_CODE = YES;
				CLANG_WARN__DUPLICATE_METHOD_MATCH = YES;
				COPY_PHASE_STRIP = NO;
				DEBUG_INFORMATION_FORMAT = dwarf;
				ENABLE_STRICT_OBJC_MSGSEND = YES;
				ENABLE_TESTABILITY = YES;
				ENABLE_USER_SCRIPT_SANDBOXING = YES;
				GCC_C_LANGUAGE_STANDARD = gnu17;
				GCC_DYNAMIC_NO_PIC = NO;
				GCC_NO_COMMON_BLOCKS = YES;
				GCC_OPTIMIZATION_LEVEL = 0;
				GCC_PREPROCESSOR_DEFINITIONS = (
					"DEBUG=1",
					"$(inherited)",
				);
				GCC_WARN_64_TO_32_BIT_CONVERSION = YES;
				GCC_WARN_ABOUT_RETURN_TYPE = YES_ERROR;
				GCC_WARN_UNDECLARED_SELECTOR = YES;
				GCC_WARN_UNINITIALIZED_AUTOS = YES_AGGRESSIVE;
				GCC_WARN_UNUSED_FUNCTION = YES;
				GCC_WARN_UNUSED_VARIABLE = YES;
				IPHONEOS_DEPLOYMENT_TARGET = 16.0;
				LOCALIZATION_PREFERS_STRING_CATALOGS = YES;
				MTL_ENABLE_DEBUG_INFO = INCLUDE_SOURCE;
				MTL_FAST_MATH = YES;
				ONLY_ACTIVE_ARCH = YES;
				SDKROOT = iphoneos;
				SWIFT_ACTIVE_COMPILATION_CONDITIONS = "DEBUG $(inherited)";
				SWIFT_OPTIMIZATION_LEVEL = "-Onone";
			};
			name = Debug;
		};
		ABC305D32C932342003B00FE /* Release */ = {
			isa = XCBuildConfiguration;
			buildSettings = {
				ALWAYS_SEARCH_USER_PATHS = NO;
				ASSETCATALOG_COMPILER_GENERATE_SWIFT_ASSET_SYMBOL_EXTENSIONS = YES;
				CLANG_ANALYZER_NONNULL = YES;
				CLANG_ANALYZER_NUMBER_OBJECT_CONVERSION = YES_AGGRESSIVE;
				CLANG_CXX_LANGUAGE_STANDARD = "gnu++20";
				CLANG_ENABLE_MODULES = YES;
				CLANG_ENABLE_OBJC_ARC = YES;
				CLANG_ENABLE_OBJC_WEAK = YES;
				CLANG_WARN_BLOCK_CAPTURE_AUTORELEASING = YES;
				CLANG_WARN_BOOL_CONVERSION = YES;
				CLANG_WARN_COMMA = YES;
				CLANG_WARN_CONSTANT_CONVERSION = YES;
				CLANG_WARN_DEPRECATED_OBJC_IMPLEMENTATIONS = YES;
				CLANG_WARN_DIRECT_OBJC_ISA_USAGE = YES_ERROR;
				CLANG_WARN_DOCUMENTATION_COMMENTS = YES;
				CLANG_WARN_EMPTY_BODY = YES;
				CLANG_WARN_ENUM_CONVERSION = YES;
				CLANG_WARN_INFINITE_RECURSION = YES;
				CLANG_WARN_INT_CONVERSION = YES;
				CLANG_WARN_NON_LITERAL_NULL_CONVERSION = YES;
				CLANG_WARN_OBJC_IMPLICIT_RETAIN_SELF = YES;
				CLANG_WARN_OBJC_LITERAL_CONVERSION = YES;
				CLANG_WARN_OBJC_ROOT_CLASS = YES_ERROR;
				CLANG_WARN_QUOTED_INCLUDE_IN_FRAMEWORK_HEADER = YES;
				CLANG_WARN_RANGE_LOOP_ANALYSIS = YES;
				CLANG_WARN_STRICT_PROTOTYPES = YES;
				CLANG_WARN_SUSPICIOUS_MOVE = YES;
				CLANG_WARN_UNGUARDED_AVAILABILITY = YES_AGGRESSIVE;
				CLANG_WARN_UNREACHABLE_CODE = YES;
				CLANG_WARN__DUPLICATE_METHOD_MATCH = YES;
				COPY_PHASE_STRIP = NO;
				DEBUG_INFORMATION_FORMAT = "dwarf-with-dsym";
				ENABLE_NS_ASSERTIONS = NO;
				ENABLE_STRICT_OBJC_MSGSEND = YES;
				ENABLE_USER_SCRIPT_SANDBOXING = YES;
				GCC_C_LANGUAGE_STANDARD = gnu17;
				GCC_NO_COMMON_BLOCKS = YES;
				GCC_WARN_64_TO_32_BIT_CONVERSION = YES;
				GCC_WARN_ABOUT_RETURN_TYPE = YES_ERROR;
				GCC_WARN_UNDECLARED_SELECTOR = YES;
				GCC_WARN_UNINITIALIZED_AUTOS = YES_AGGRESSIVE;
				GCC_WARN_UNUSED_FUNCTION = YES;
				GCC_WARN_UNUSED_VARIABLE = YES;
				IPHONEOS_DEPLOYMENT_TARGET = 16.0;
				LOCALIZATION_PREFERS_STRING_CATALOGS = YES;
				MTL_ENABLE_DEBUG_INFO = NO;
				MTL_FAST_MATH = YES;
				SDKROOT = iphoneos;
				SWIFT_COMPILATION_MODE = wholemodule;
				VALIDATE_PRODUCT = YES;
			};
			name = Release;
		};
		ABC305D52C932342003B00FE /* Debug */ = {
			isa = XCBuildConfiguration;
			buildSettings = {
				ASSETCATALOG_COMPILER_APPICON_NAME = AppIcon;
				ASSETCATALOG_COMPILER_GLOBAL_ACCENT_COLOR_NAME = AccentColor;
				CODE_SIGN_STYLE = Automatic;
				CURRENT_PROJECT_VERSION = 1;
				DEVELOPMENT_ASSET_PATHS = "\"PeepIt/Resources/Preview Content\"";
				DEVELOPMENT_TEAM = BTX96P3YD4;
				ENABLE_PREVIEWS = YES;
				GENERATE_INFOPLIST_FILE = YES;
				INFOPLIST_KEY_UIApplicationSceneManifest_Generation = YES;
				INFOPLIST_KEY_UIApplicationSupportsIndirectInputEvents = YES;
				INFOPLIST_KEY_UILaunchScreen_Generation = YES;
				INFOPLIST_KEY_UISupportedInterfaceOrientations_iPad = "UIInterfaceOrientationPortrait UIInterfaceOrientationPortraitUpsideDown UIInterfaceOrientationLandscapeLeft UIInterfaceOrientationLandscapeRight";
				INFOPLIST_KEY_UISupportedInterfaceOrientations_iPhone = "UIInterfaceOrientationPortrait UIInterfaceOrientationLandscapeLeft UIInterfaceOrientationLandscapeRight";
				LD_RUNPATH_SEARCH_PATHS = (
					"$(inherited)",
					"@executable_path/Frameworks",
				);
				MARKETING_VERSION = 1.0;
				PRODUCT_BUNDLE_IDENTIFIER = min.PeepIt;
				PRODUCT_NAME = "$(TARGET_NAME)";
				SWIFT_EMIT_LOC_STRINGS = YES;
				SWIFT_VERSION = 5.0;
				TARGETED_DEVICE_FAMILY = "1,2";
			};
			name = Debug;
		};
		ABC305D62C932342003B00FE /* Release */ = {
			isa = XCBuildConfiguration;
			buildSettings = {
				ASSETCATALOG_COMPILER_APPICON_NAME = AppIcon;
				ASSETCATALOG_COMPILER_GLOBAL_ACCENT_COLOR_NAME = AccentColor;
				CODE_SIGN_STYLE = Automatic;
				CURRENT_PROJECT_VERSION = 1;
				DEVELOPMENT_ASSET_PATHS = "\"PeepIt/Resources/Preview Content\"";
				DEVELOPMENT_TEAM = BTX96P3YD4;
				ENABLE_PREVIEWS = YES;
				GENERATE_INFOPLIST_FILE = YES;
				INFOPLIST_KEY_UIApplicationSceneManifest_Generation = YES;
				INFOPLIST_KEY_UIApplicationSupportsIndirectInputEvents = YES;
				INFOPLIST_KEY_UILaunchScreen_Generation = YES;
				INFOPLIST_KEY_UISupportedInterfaceOrientations_iPad = "UIInterfaceOrientationPortrait UIInterfaceOrientationPortraitUpsideDown UIInterfaceOrientationLandscapeLeft UIInterfaceOrientationLandscapeRight";
				INFOPLIST_KEY_UISupportedInterfaceOrientations_iPhone = "UIInterfaceOrientationPortrait UIInterfaceOrientationLandscapeLeft UIInterfaceOrientationLandscapeRight";
				LD_RUNPATH_SEARCH_PATHS = (
					"$(inherited)",
					"@executable_path/Frameworks",
				);
				MARKETING_VERSION = 1.0;
				PRODUCT_BUNDLE_IDENTIFIER = min.PeepIt;
				PRODUCT_NAME = "$(TARGET_NAME)";
				SWIFT_EMIT_LOC_STRINGS = YES;
				SWIFT_VERSION = 5.0;
				TARGETED_DEVICE_FAMILY = "1,2";
			};
			name = Release;
		};
/* End XCBuildConfiguration section */

/* Begin XCConfigurationList section */
		ABC305C12C932341003B00FE /* Build configuration list for PBXProject "PeepIt" */ = {
			isa = XCConfigurationList;
			buildConfigurations = (
				ABC305D22C932342003B00FE /* Debug */,
				ABC305D32C932342003B00FE /* Release */,
			);
			defaultConfigurationIsVisible = 0;
			defaultConfigurationName = Release;
		};
		ABC305D42C932342003B00FE /* Build configuration list for PBXNativeTarget "PeepIt" */ = {
			isa = XCConfigurationList;
			buildConfigurations = (
				ABC305D52C932342003B00FE /* Debug */,
				ABC305D62C932342003B00FE /* Release */,
			);
			defaultConfigurationIsVisible = 0;
			defaultConfigurationName = Release;
		};
/* End XCConfigurationList section */

/* Begin XCRemoteSwiftPackageReference section */
		ABC305DB2C9328B1003B00FE /* XCRemoteSwiftPackageReference "swift-composable-architecture" */ = {
			isa = XCRemoteSwiftPackageReference;
			repositoryURL = "https://github.com/pointfreeco/swift-composable-architecture.git";
			requirement = {
				kind = upToNextMajorVersion;
				minimumVersion = 1.14.0;
			};
		};
/* End XCRemoteSwiftPackageReference section */

/* Begin XCSwiftPackageProductDependency section */
		ABC305DC2C9328B1003B00FE /* ComposableArchitecture */ = {
			isa = XCSwiftPackageProductDependency;
			package = ABC305DB2C9328B1003B00FE /* XCRemoteSwiftPackageReference "swift-composable-architecture" */;
			productName = ComposableArchitecture;
		};
/* End XCSwiftPackageProductDependency section */
	};
	rootObject = ABC305BE2C932341003B00FE /* Project object */;
}
